// !$*UTF8*$!
{
	archiveVersion = 1;
	classes = {
	};
	objectVersion = 50;
	objects = {

/* Begin PBXBuildFile section */
		4302615724CC2CB200ECB4F8 /* SettingsTableViewCell.swift in Sources */ = {isa = PBXBuildFile; fileRef = 4302615624CC2CB200ECB4F8 /* SettingsTableViewCell.swift */; };
		4302615A24CC5D2E00ECB4F8 /* SettingsCellView.swift in Sources */ = {isa = PBXBuildFile; fileRef = 4302615924CC5D2E00ECB4F8 /* SettingsCellView.swift */; };
		4302615D24CC622B00ECB4F8 /* SettingsHeaderCellView.swift in Sources */ = {isa = PBXBuildFile; fileRef = 4302615C24CC622B00ECB4F8 /* SettingsHeaderCellView.swift */; };
		4302616024CC770B00ECB4F8 /* ProfileCoordinator.swift in Sources */ = {isa = PBXBuildFile; fileRef = 4302615F24CC770B00ECB4F8 /* ProfileCoordinator.swift */; };
		4302616224CC772A00ECB4F8 /* SettingsViewController.swift in Sources */ = {isa = PBXBuildFile; fileRef = 4302616124CC772A00ECB4F8 /* SettingsViewController.swift */; };
		4302616524CC7FA700ECB4F8 /* SettingsCellToggleView.swift in Sources */ = {isa = PBXBuildFile; fileRef = 4302616424CC7FA700ECB4F8 /* SettingsCellToggleView.swift */; };
		4302616824CC90C500ECB4F8 /* Coordinator.swift in Sources */ = {isa = PBXBuildFile; fileRef = 4302616724CC90C500ECB4F8 /* Coordinator.swift */; };
		4302616A24CC9C1D00ECB4F8 /* UIImage+Extensions.swift in Sources */ = {isa = PBXBuildFile; fileRef = 4302616924CC9C1D00ECB4F8 /* UIImage+Extensions.swift */; };
		430756AC24E96D9900443198 /* MainCoordinator.swift in Sources */ = {isa = PBXBuildFile; fileRef = 430756AB24E96D9900443198 /* MainCoordinator.swift */; };
		432D82F324F1813B007193AD /* AuthenticationCoordinator.swift in Sources */ = {isa = PBXBuildFile; fileRef = 432D82F224F1813B007193AD /* AuthenticationCoordinator.swift */; };
		43308CFB24BC0C6700DDE2E5 /* SubmitEmailViewController.swift in Sources */ = {isa = PBXBuildFile; fileRef = 43308CFA24BC0C6700DDE2E5 /* SubmitEmailViewController.swift */; };
		43308CFE24BC211500DDE2E5 /* SignupViewController.swift in Sources */ = {isa = PBXBuildFile; fileRef = 43308CFD24BC211500DDE2E5 /* SignupViewController.swift */; };
		43308D0124BC266600DDE2E5 /* EmptySpaceView.swift in Sources */ = {isa = PBXBuildFile; fileRef = 43308D0024BC266600DDE2E5 /* EmptySpaceView.swift */; };
		43308D0324BC2A1100DDE2E5 /* UIStackView+Extensions.swift in Sources */ = {isa = PBXBuildFile; fileRef = 43308D0224BC2A1100DDE2E5 /* UIStackView+Extensions.swift */; };
		43518B7624C37E3A009AA30D /* LiveStreamViewController.swift in Sources */ = {isa = PBXBuildFile; fileRef = 43518B7524C37E3A009AA30D /* LiveStreamViewController.swift */; };
		435FF95B25584AE90053735E /* EventTableViewCell.swift in Sources */ = {isa = PBXBuildFile; fileRef = 435FF95A25584AE90053735E /* EventTableViewCell.swift */; };
		435FF96125584E900053735E /* EventTableView.swift in Sources */ = {isa = PBXBuildFile; fileRef = 435FF96025584E900053735E /* EventTableView.swift */; };
		435FF967255B9B790053735E /* ImageCountView.swift in Sources */ = {isa = PBXBuildFile; fileRef = 435FF966255B9B790053735E /* ImageCountView.swift */; };
		43635CAA24DF08B700759BE2 /* WebViewController.swift in Sources */ = {isa = PBXBuildFile; fileRef = 43635CA924DF08B700759BE2 /* WebViewController.swift */; };
		43635CAD24DF0AE500759BE2 /* LoadingBarView.swift in Sources */ = {isa = PBXBuildFile; fileRef = 43635CAC24DF0AE500759BE2 /* LoadingBarView.swift */; };
		4364A4CA24C16EE300AE9881 /* CheckboxView.swift in Sources */ = {isa = PBXBuildFile; fileRef = 4364A4C924C16EE300AE9881 /* CheckboxView.swift */; };
		436ECB7924D705800054BA32 /* ChatRoomTableViewController.swift in Sources */ = {isa = PBXBuildFile; fileRef = 436ECB7824D705800054BA32 /* ChatRoomTableViewController.swift */; };
		436ECB7C24D7079E0054BA32 /* ChatInputBarView.swift in Sources */ = {isa = PBXBuildFile; fileRef = 436ECB7B24D7079E0054BA32 /* ChatInputBarView.swift */; };
		4372F02B24CE809200E5FD33 /* PersonalInfoViewController.swift in Sources */ = {isa = PBXBuildFile; fileRef = 4372F02A24CE809200E5FD33 /* PersonalInfoViewController.swift */; };
		4372F02E24CE814500E5FD33 /* SettingsCellTextFieldView.swift in Sources */ = {isa = PBXBuildFile; fileRef = 4372F02D24CE814500E5FD33 /* SettingsCellTextFieldView.swift */; };
		4372F03124CE9EEE00E5FD33 /* SettingsNavigationBarView.swift in Sources */ = {isa = PBXBuildFile; fileRef = 4372F03024CE9EEE00E5FD33 /* SettingsNavigationBarView.swift */; };
		4372F03424CFEAE200E5FD33 /* SettingsPickerView.swift in Sources */ = {isa = PBXBuildFile; fileRef = 4372F03324CFEAE200E5FD33 /* SettingsPickerView.swift */; };
		4372F03724CFEB0A00E5FD33 /* SettingsViewDataSource.swift in Sources */ = {isa = PBXBuildFile; fileRef = 4372F03624CFEB0A00E5FD33 /* SettingsViewDataSource.swift */; };
		4372F03A24D5D98800E5FD33 /* RoundButton.swift in Sources */ = {isa = PBXBuildFile; fileRef = 4372F03924D5D98800E5FD33 /* RoundButton.swift */; };
		4372F03D24D5F18E00E5FD33 /* ChangePasswordViewController.swift in Sources */ = {isa = PBXBuildFile; fileRef = 4372F03C24D5F18E00E5FD33 /* ChangePasswordViewController.swift */; };
		4372F04024D5F3AE00E5FD33 /* StackView.swift in Sources */ = {isa = PBXBuildFile; fileRef = 4372F03F24D5F3AE00E5FD33 /* StackView.swift */; };
		4392E51025490391007572C2 /* EventDetailTableView.swift in Sources */ = {isa = PBXBuildFile; fileRef = 4392E50F25490391007572C2 /* EventDetailTableView.swift */; };
		4392E519254906AE007572C2 /* EventViewModel.swift in Sources */ = {isa = PBXBuildFile; fileRef = 4392E518254906AE007572C2 /* EventViewModel.swift */; };
		4392E52125490901007572C2 /* Event.swift in Sources */ = {isa = PBXBuildFile; fileRef = 4392E52025490901007572C2 /* Event.swift */; };
		4392E52A25490FC5007572C2 /* ProfileTableView.swift in Sources */ = {isa = PBXBuildFile; fileRef = 4392E52925490FC5007572C2 /* ProfileTableView.swift */; };
		4392E533254E3C12007572C2 /* UIDate+Extensions.swift in Sources */ = {isa = PBXBuildFile; fileRef = 4392E532254E3C12007572C2 /* UIDate+Extensions.swift */; };
		4392E5392556EE8E007572C2 /* EventsCoordinator.swift in Sources */ = {isa = PBXBuildFile; fileRef = 4392E5382556EE8E007572C2 /* EventsCoordinator.swift */; };
		4392E5422556F141007572C2 /* EventsTableViewController.swift in Sources */ = {isa = PBXBuildFile; fileRef = 4392E5412556F141007572C2 /* EventsTableViewController.swift */; };
		4392E54B255848ED007572C2 /* DiscoverEventTableViewController.swift in Sources */ = {isa = PBXBuildFile; fileRef = 4392E54A255848ED007572C2 /* DiscoverEventTableViewController.swift */; };
		43B8C3F52561D1A4004D2429 /* Profile.swift in Sources */ = {isa = PBXBuildFile; fileRef = 43B8C3F42561D1A4004D2429 /* Profile.swift */; };
		43B8C3FA2561D208004D2429 /* ProfileViewModel.swift in Sources */ = {isa = PBXBuildFile; fileRef = 43B8C3F92561D208004D2429 /* ProfileViewModel.swift */; };
		43B8C4032561E54F004D2429 /* DirectMessageTableViewController.swift in Sources */ = {isa = PBXBuildFile; fileRef = 43B8C4022561E54F004D2429 /* DirectMessageTableViewController.swift */; };
		43B8C4092561E72B004D2429 /* SearchBarTableViewHeaderFooterView.swift in Sources */ = {isa = PBXBuildFile; fileRef = 43B8C4082561E72B004D2429 /* SearchBarTableViewHeaderFooterView.swift */; };
		43BC86ED24B98A70004CBB07 /* AppDelegate.swift in Sources */ = {isa = PBXBuildFile; fileRef = 43BC86EC24B98A70004CBB07 /* AppDelegate.swift */; };
		43BC86EF24B98A70004CBB07 /* SceneDelegate.swift in Sources */ = {isa = PBXBuildFile; fileRef = 43BC86EE24B98A70004CBB07 /* SceneDelegate.swift */; };
		43BC86F124B98A70004CBB07 /* ViewController.swift in Sources */ = {isa = PBXBuildFile; fileRef = 43BC86F024B98A70004CBB07 /* ViewController.swift */; };
		43BC86F424B98A70004CBB07 /* Main.storyboard in Resources */ = {isa = PBXBuildFile; fileRef = 43BC86F224B98A70004CBB07 /* Main.storyboard */; };
		43BC86F724B98A70004CBB07 /* VirtueOSO.xcdatamodeld in Sources */ = {isa = PBXBuildFile; fileRef = 43BC86F524B98A70004CBB07 /* VirtueOSO.xcdatamodeld */; };
		43BC86F924B98A71004CBB07 /* Assets.xcassets in Resources */ = {isa = PBXBuildFile; fileRef = 43BC86F824B98A71004CBB07 /* Assets.xcassets */; };
		43BC86FC24B98A71004CBB07 /* LaunchScreen.storyboard in Resources */ = {isa = PBXBuildFile; fileRef = 43BC86FA24B98A71004CBB07 /* LaunchScreen.storyboard */; };
		43BC870724B98A72004CBB07 /* VirtueOSOTests.swift in Sources */ = {isa = PBXBuildFile; fileRef = 43BC870624B98A72004CBB07 /* VirtueOSOTests.swift */; };
		43BC871224B98A72004CBB07 /* VirtueOSOUITests.swift in Sources */ = {isa = PBXBuildFile; fileRef = 43BC871124B98A72004CBB07 /* VirtueOSOUITests.swift */; };
		43BC872A24B98E18004CBB07 /* AuthenticationHomeViewController.swift in Sources */ = {isa = PBXBuildFile; fileRef = 43BC872924B98E18004CBB07 /* AuthenticationHomeViewController.swift */; };
		43BC872C24B98E32004CBB07 /* UIColor+Extensions.swift in Sources */ = {isa = PBXBuildFile; fileRef = 43BC872B24B98E32004CBB07 /* UIColor+Extensions.swift */; };
		43BC872F24B98F29004CBB07 /* NavigationController.swift in Sources */ = {isa = PBXBuildFile; fileRef = 43BC872E24B98F29004CBB07 /* NavigationController.swift */; };
		43BC873124B98F87004CBB07 /* UIView+Extensions.swift in Sources */ = {isa = PBXBuildFile; fileRef = 43BC873024B98F87004CBB07 /* UIView+Extensions.swift */; };
		43BC873324B98FB8004CBB07 /* UIViewController+Extensions.swift in Sources */ = {isa = PBXBuildFile; fileRef = 43BC873224B98FB8004CBB07 /* UIViewController+Extensions.swift */; };
		43BC873524B98FE4004CBB07 /* UIImageView+Extensions.swift in Sources */ = {isa = PBXBuildFile; fileRef = 43BC873424B98FE4004CBB07 /* UIImageView+Extensions.swift */; };
		43BC873724B99002004CBB07 /* UIFont+Extensions.swift in Sources */ = {isa = PBXBuildFile; fileRef = 43BC873624B99002004CBB07 /* UIFont+Extensions.swift */; };
		43BC873924B9902C004CBB07 /* UITextField+Extensions.swift in Sources */ = {isa = PBXBuildFile; fileRef = 43BC873824B9902C004CBB07 /* UITextField+Extensions.swift */; };
		43BC873C24BA01C6004CBB07 /* TextFieldView.swift in Sources */ = {isa = PBXBuildFile; fileRef = 43BC873B24BA01C6004CBB07 /* TextFieldView.swift */; };
		43BC873F24BA01FD004CBB07 /* ComponentView.swift in Sources */ = {isa = PBXBuildFile; fileRef = 43BC873E24BA01FD004CBB07 /* ComponentView.swift */; };
		43BC874224BA028B004CBB07 /* Border.swift in Sources */ = {isa = PBXBuildFile; fileRef = 43BC874124BA028B004CBB07 /* Border.swift */; };
		43BC874524BA0535004CBB07 /* TextView.swift in Sources */ = {isa = PBXBuildFile; fileRef = 43BC874424BA0535004CBB07 /* TextView.swift */; };
		43BC874824BA3BD4004CBB07 /* TitleView.swift in Sources */ = {isa = PBXBuildFile; fileRef = 43BC874724BA3BD4004CBB07 /* TitleView.swift */; };
		43BC874B24BA9CCA004CBB07 /* Button.swift in Sources */ = {isa = PBXBuildFile; fileRef = 43BC874A24BA9CCA004CBB07 /* Button.swift */; };
		43BC874E24BAEF0F004CBB07 /* NotificationViewController.swift in Sources */ = {isa = PBXBuildFile; fileRef = 43BC874D24BAEF0F004CBB07 /* NotificationViewController.swift */; };
		43BC875124BB6592004CBB07 /* LoginViewController.swift in Sources */ = {isa = PBXBuildFile; fileRef = 43BC875024BB6592004CBB07 /* LoginViewController.swift */; };
		43BC875424BB6669004CBB07 /* BorderedTextField.swift in Sources */ = {isa = PBXBuildFile; fileRef = 43BC875324BB6669004CBB07 /* BorderedTextField.swift */; };
		43C660C0252D6701002EAD93 /* ProfileTableViewCell.swift in Sources */ = {isa = PBXBuildFile; fileRef = 43C660BF252D6701002EAD93 /* ProfileTableViewCell.swift */; };
		43C660C925314F73002EAD93 /* ArtistViewController.swift in Sources */ = {isa = PBXBuildFile; fileRef = 43C660C825314F73002EAD93 /* ArtistViewController.swift */; };
		43C660D725323FCD002EAD93 /* TableViewCellDataSource.swift in Sources */ = {isa = PBXBuildFile; fileRef = 43C660D625323FCD002EAD93 /* TableViewCellDataSource.swift */; };
		43C660DD2532457E002EAD93 /* TitleTableViewHeaderFooterView.swift in Sources */ = {isa = PBXBuildFile; fileRef = 43C660DC2532457E002EAD93 /* TitleTableViewHeaderFooterView.swift */; };
		43C660F4253380AD002EAD93 /* UIButton+Extensions.swift in Sources */ = {isa = PBXBuildFile; fileRef = 43C660F3253380AD002EAD93 /* UIButton+Extensions.swift */; };
		43C660FA253388D8002EAD93 /* EventViewController.swift in Sources */ = {isa = PBXBuildFile; fileRef = 43C660F9253388D8002EAD93 /* EventViewController.swift */; };
		43C661032533AD59002EAD93 /* CollectionView.swift in Sources */ = {isa = PBXBuildFile; fileRef = 43C661022533AD59002EAD93 /* CollectionView.swift */; };
		43C6610F253B6051002EAD93 /* EditProfileViewController.swift in Sources */ = {isa = PBXBuildFile; fileRef = 43C6610E253B6051002EAD93 /* EditProfileViewController.swift */; };
		43C66115253CB9F7002EAD93 /* SettingsCellTextView.swift in Sources */ = {isa = PBXBuildFile; fileRef = 43C66114253CB9F7002EAD93 /* SettingsCellTextView.swift */; };
		43C6611D253CC90D002EAD93 /* UIScrollView+Extensions.swift in Sources */ = {isa = PBXBuildFile; fileRef = 43C6611C253CC90D002EAD93 /* UIScrollView+Extensions.swift */; };
		43C661272544B09D002EAD93 /* EventDetailTableViewCell.swift in Sources */ = {isa = PBXBuildFile; fileRef = 43C661262544B09D002EAD93 /* EventDetailTableViewCell.swift */; };
		43D648CB251C3BFD009A007B /* MainTabBarController.swift in Sources */ = {isa = PBXBuildFile; fileRef = 43D648CA251C3BFD009A007B /* MainTabBarController.swift */; };
		43F1D8D3251FE3CB00AC6FA9 /* MainTabBarControllerDelegate.swift in Sources */ = {isa = PBXBuildFile; fileRef = 43F1D8D2251FE3CB00AC6FA9 /* MainTabBarControllerDelegate.swift */; };
		43F1D8D8251FE9B300AC6FA9 /* ProfileCoordinator+Handlers.swift in Sources */ = {isa = PBXBuildFile; fileRef = 43F1D8D7251FE9B300AC6FA9 /* ProfileCoordinator+Handlers.swift */; };
		43F1D8F12520D65300AC6FA9 /* ProfileViewController.swift in Sources */ = {isa = PBXBuildFile; fileRef = 43F1D8F02520D65300AC6FA9 /* ProfileViewController.swift */; };
		43F1D8F62520F8AF00AC6FA9 /* UIBarButtonItem+Extensions.swift in Sources */ = {isa = PBXBuildFile; fileRef = 43F1D8F52520F8AF00AC6FA9 /* UIBarButtonItem+Extensions.swift */; };
		43F1D9022520FE7000AC6FA9 /* DiscoverCoordinator.swift in Sources */ = {isa = PBXBuildFile; fileRef = 43F1D9012520FE7000AC6FA9 /* DiscoverCoordinator.swift */; };
		43F1D9082521017600AC6FA9 /* DiscoverViewController.swift in Sources */ = {isa = PBXBuildFile; fileRef = 43F1D9072521017600AC6FA9 /* DiscoverViewController.swift */; };
		43F1D91D2528AA8B00AC6FA9 /* AttributedLabel.swift in Sources */ = {isa = PBXBuildFile; fileRef = 43F1D91C2528AA8B00AC6FA9 /* AttributedLabel.swift */; };
		43F1D9222528AE1900AC6FA9 /* NSAttributedString+Extensions.swift in Sources */ = {isa = PBXBuildFile; fileRef = 43F1D9212528AE1900AC6FA9 /* NSAttributedString+Extensions.swift */; };
		43F1D9282528B74D00AC6FA9 /* AttributedTextView.swift in Sources */ = {isa = PBXBuildFile; fileRef = 43F1D9272528B74D00AC6FA9 /* AttributedTextView.swift */; };
		43F1D92D2528BB0B00AC6FA9 /* NSMutableAttributedString+Extensions.swift in Sources */ = {isa = PBXBuildFile; fileRef = 43F1D92C2528BB0B00AC6FA9 /* NSMutableAttributedString+Extensions.swift */; };
		43F1D9322528D63400AC6FA9 /* UINavigationController+Extensions.swift in Sources */ = {isa = PBXBuildFile; fileRef = 43F1D9312528D63400AC6FA9 /* UINavigationController+Extensions.swift */; };
		43F5D40124BB86E6004AE586 /* TextField.swift in Sources */ = {isa = PBXBuildFile; fileRef = 43F5D40024BB86E6004AE586 /* TextField.swift */; };
		43F5D40324BB87C9004AE586 /* BorderedTextField+UITextView.swift in Sources */ = {isa = PBXBuildFile; fileRef = 43F5D40224BB87C9004AE586 /* BorderedTextField+UITextView.swift */; };
		43F5D40624BC06C5004AE586 /* AButton.swift in Sources */ = {isa = PBXBuildFile; fileRef = 43F5D40524BC06C5004AE586 /* AButton.swift */; };
/* End PBXBuildFile section */

/* Begin PBXContainerItemProxy section */
		43BC870324B98A72004CBB07 /* PBXContainerItemProxy */ = {
			isa = PBXContainerItemProxy;
			containerPortal = 43BC86E124B98A70004CBB07 /* Project object */;
			proxyType = 1;
			remoteGlobalIDString = 43BC86E824B98A70004CBB07;
			remoteInfo = VirtueOSO;
		};
		43BC870E24B98A72004CBB07 /* PBXContainerItemProxy */ = {
			isa = PBXContainerItemProxy;
			containerPortal = 43BC86E124B98A70004CBB07 /* Project object */;
			proxyType = 1;
			remoteGlobalIDString = 43BC86E824B98A70004CBB07;
			remoteInfo = VirtueOSO;
		};
/* End PBXContainerItemProxy section */

/* Begin PBXFileReference section */
		4302615624CC2CB200ECB4F8 /* SettingsTableViewCell.swift */ = {isa = PBXFileReference; lastKnownFileType = sourcecode.swift; path = SettingsTableViewCell.swift; sourceTree = "<group>"; };
		4302615924CC5D2E00ECB4F8 /* SettingsCellView.swift */ = {isa = PBXFileReference; lastKnownFileType = sourcecode.swift; path = SettingsCellView.swift; sourceTree = "<group>"; };
		4302615C24CC622B00ECB4F8 /* SettingsHeaderCellView.swift */ = {isa = PBXFileReference; lastKnownFileType = sourcecode.swift; path = SettingsHeaderCellView.swift; sourceTree = "<group>"; };
		4302615F24CC770B00ECB4F8 /* ProfileCoordinator.swift */ = {isa = PBXFileReference; lastKnownFileType = sourcecode.swift; path = ProfileCoordinator.swift; sourceTree = "<group>"; };
		4302616124CC772A00ECB4F8 /* SettingsViewController.swift */ = {isa = PBXFileReference; fileEncoding = 4; lastKnownFileType = sourcecode.swift; path = SettingsViewController.swift; sourceTree = "<group>"; };
		4302616424CC7FA700ECB4F8 /* SettingsCellToggleView.swift */ = {isa = PBXFileReference; lastKnownFileType = sourcecode.swift; path = SettingsCellToggleView.swift; sourceTree = "<group>"; };
		4302616724CC90C500ECB4F8 /* Coordinator.swift */ = {isa = PBXFileReference; lastKnownFileType = sourcecode.swift; path = Coordinator.swift; sourceTree = "<group>"; };
		4302616924CC9C1D00ECB4F8 /* UIImage+Extensions.swift */ = {isa = PBXFileReference; lastKnownFileType = sourcecode.swift; path = "UIImage+Extensions.swift"; sourceTree = "<group>"; };
		430756AB24E96D9900443198 /* MainCoordinator.swift */ = {isa = PBXFileReference; lastKnownFileType = sourcecode.swift; path = MainCoordinator.swift; sourceTree = "<group>"; };
		432D82F224F1813B007193AD /* AuthenticationCoordinator.swift */ = {isa = PBXFileReference; lastKnownFileType = sourcecode.swift; path = AuthenticationCoordinator.swift; sourceTree = "<group>"; };
		43308CFA24BC0C6700DDE2E5 /* SubmitEmailViewController.swift */ = {isa = PBXFileReference; lastKnownFileType = sourcecode.swift; path = SubmitEmailViewController.swift; sourceTree = "<group>"; };
		43308CFD24BC211500DDE2E5 /* SignupViewController.swift */ = {isa = PBXFileReference; lastKnownFileType = sourcecode.swift; path = SignupViewController.swift; sourceTree = "<group>"; };
		43308D0024BC266600DDE2E5 /* EmptySpaceView.swift */ = {isa = PBXFileReference; lastKnownFileType = sourcecode.swift; path = EmptySpaceView.swift; sourceTree = "<group>"; };
		43308D0224BC2A1100DDE2E5 /* UIStackView+Extensions.swift */ = {isa = PBXFileReference; lastKnownFileType = sourcecode.swift; path = "UIStackView+Extensions.swift"; sourceTree = "<group>"; };
		43518B7524C37E3A009AA30D /* LiveStreamViewController.swift */ = {isa = PBXFileReference; lastKnownFileType = sourcecode.swift; path = LiveStreamViewController.swift; sourceTree = "<group>"; };
		435FF95A25584AE90053735E /* EventTableViewCell.swift */ = {isa = PBXFileReference; lastKnownFileType = sourcecode.swift; path = EventTableViewCell.swift; sourceTree = "<group>"; };
		435FF96025584E900053735E /* EventTableView.swift */ = {isa = PBXFileReference; lastKnownFileType = sourcecode.swift; path = EventTableView.swift; sourceTree = "<group>"; };
		435FF966255B9B790053735E /* ImageCountView.swift */ = {isa = PBXFileReference; lastKnownFileType = sourcecode.swift; path = ImageCountView.swift; sourceTree = "<group>"; };
		43635CA924DF08B700759BE2 /* WebViewController.swift */ = {isa = PBXFileReference; lastKnownFileType = sourcecode.swift; path = WebViewController.swift; sourceTree = "<group>"; };
		43635CAC24DF0AE500759BE2 /* LoadingBarView.swift */ = {isa = PBXFileReference; lastKnownFileType = sourcecode.swift; path = LoadingBarView.swift; sourceTree = "<group>"; };
		4364A4C924C16EE300AE9881 /* CheckboxView.swift */ = {isa = PBXFileReference; lastKnownFileType = sourcecode.swift; path = CheckboxView.swift; sourceTree = "<group>"; };
		436ECB7824D705800054BA32 /* ChatRoomTableViewController.swift */ = {isa = PBXFileReference; lastKnownFileType = sourcecode.swift; path = ChatRoomTableViewController.swift; sourceTree = "<group>"; };
		436ECB7B24D7079E0054BA32 /* ChatInputBarView.swift */ = {isa = PBXFileReference; lastKnownFileType = sourcecode.swift; path = ChatInputBarView.swift; sourceTree = "<group>"; };
		4372F02A24CE809200E5FD33 /* PersonalInfoViewController.swift */ = {isa = PBXFileReference; lastKnownFileType = sourcecode.swift; path = PersonalInfoViewController.swift; sourceTree = "<group>"; };
		4372F02D24CE814500E5FD33 /* SettingsCellTextFieldView.swift */ = {isa = PBXFileReference; lastKnownFileType = sourcecode.swift; path = SettingsCellTextFieldView.swift; sourceTree = "<group>"; };
		4372F03024CE9EEE00E5FD33 /* SettingsNavigationBarView.swift */ = {isa = PBXFileReference; lastKnownFileType = sourcecode.swift; path = SettingsNavigationBarView.swift; sourceTree = "<group>"; };
		4372F03324CFEAE200E5FD33 /* SettingsPickerView.swift */ = {isa = PBXFileReference; lastKnownFileType = sourcecode.swift; path = SettingsPickerView.swift; sourceTree = "<group>"; };
		4372F03624CFEB0A00E5FD33 /* SettingsViewDataSource.swift */ = {isa = PBXFileReference; lastKnownFileType = sourcecode.swift; path = SettingsViewDataSource.swift; sourceTree = "<group>"; };
		4372F03924D5D98800E5FD33 /* RoundButton.swift */ = {isa = PBXFileReference; lastKnownFileType = sourcecode.swift; path = RoundButton.swift; sourceTree = "<group>"; };
		4372F03C24D5F18E00E5FD33 /* ChangePasswordViewController.swift */ = {isa = PBXFileReference; lastKnownFileType = sourcecode.swift; path = ChangePasswordViewController.swift; sourceTree = "<group>"; };
		4372F03F24D5F3AE00E5FD33 /* StackView.swift */ = {isa = PBXFileReference; lastKnownFileType = sourcecode.swift; path = StackView.swift; sourceTree = "<group>"; };
		4392E50F25490391007572C2 /* EventDetailTableView.swift */ = {isa = PBXFileReference; lastKnownFileType = sourcecode.swift; path = EventDetailTableView.swift; sourceTree = "<group>"; };
		4392E518254906AE007572C2 /* EventViewModel.swift */ = {isa = PBXFileReference; lastKnownFileType = sourcecode.swift; path = EventViewModel.swift; sourceTree = "<group>"; };
		4392E52025490901007572C2 /* Event.swift */ = {isa = PBXFileReference; lastKnownFileType = sourcecode.swift; path = Event.swift; sourceTree = "<group>"; };
		4392E52925490FC5007572C2 /* ProfileTableView.swift */ = {isa = PBXFileReference; lastKnownFileType = sourcecode.swift; path = ProfileTableView.swift; sourceTree = "<group>"; };
		4392E532254E3C12007572C2 /* UIDate+Extensions.swift */ = {isa = PBXFileReference; lastKnownFileType = sourcecode.swift; path = "UIDate+Extensions.swift"; sourceTree = "<group>"; };
		4392E5382556EE8E007572C2 /* EventsCoordinator.swift */ = {isa = PBXFileReference; lastKnownFileType = sourcecode.swift; path = EventsCoordinator.swift; sourceTree = "<group>"; };
		4392E5412556F141007572C2 /* EventsTableViewController.swift */ = {isa = PBXFileReference; lastKnownFileType = sourcecode.swift; path = EventsTableViewController.swift; sourceTree = "<group>"; };
		4392E54A255848ED007572C2 /* DiscoverEventTableViewController.swift */ = {isa = PBXFileReference; lastKnownFileType = sourcecode.swift; path = DiscoverEventTableViewController.swift; sourceTree = "<group>"; };
		43B8C3F42561D1A4004D2429 /* Profile.swift */ = {isa = PBXFileReference; lastKnownFileType = sourcecode.swift; path = Profile.swift; sourceTree = "<group>"; };
		43B8C3F92561D208004D2429 /* ProfileViewModel.swift */ = {isa = PBXFileReference; lastKnownFileType = sourcecode.swift; path = ProfileViewModel.swift; sourceTree = "<group>"; };
		43B8C4022561E54F004D2429 /* DirectMessageTableViewController.swift */ = {isa = PBXFileReference; lastKnownFileType = sourcecode.swift; path = DirectMessageTableViewController.swift; sourceTree = "<group>"; };
		43B8C4082561E72B004D2429 /* SearchBarTableViewHeaderFooterView.swift */ = {isa = PBXFileReference; lastKnownFileType = sourcecode.swift; path = SearchBarTableViewHeaderFooterView.swift; sourceTree = "<group>"; };
		43BC86E924B98A70004CBB07 /* VirtueOSO.app */ = {isa = PBXFileReference; explicitFileType = wrapper.application; includeInIndex = 0; path = VirtueOSO.app; sourceTree = BUILT_PRODUCTS_DIR; };
		43BC86EC24B98A70004CBB07 /* AppDelegate.swift */ = {isa = PBXFileReference; lastKnownFileType = sourcecode.swift; path = AppDelegate.swift; sourceTree = "<group>"; };
		43BC86EE24B98A70004CBB07 /* SceneDelegate.swift */ = {isa = PBXFileReference; lastKnownFileType = sourcecode.swift; path = SceneDelegate.swift; sourceTree = "<group>"; };
		43BC86F024B98A70004CBB07 /* ViewController.swift */ = {isa = PBXFileReference; lastKnownFileType = sourcecode.swift; path = ViewController.swift; sourceTree = "<group>"; };
		43BC86F324B98A70004CBB07 /* Base */ = {isa = PBXFileReference; lastKnownFileType = file.storyboard; name = Base; path = Base.lproj/Main.storyboard; sourceTree = "<group>"; };
		43BC86F624B98A70004CBB07 /* VirtueOSO.xcdatamodel */ = {isa = PBXFileReference; lastKnownFileType = wrapper.xcdatamodel; path = VirtueOSO.xcdatamodel; sourceTree = "<group>"; };
		43BC86F824B98A71004CBB07 /* Assets.xcassets */ = {isa = PBXFileReference; lastKnownFileType = folder.assetcatalog; path = Assets.xcassets; sourceTree = "<group>"; };
		43BC86FB24B98A71004CBB07 /* Base */ = {isa = PBXFileReference; lastKnownFileType = file.storyboard; name = Base; path = Base.lproj/LaunchScreen.storyboard; sourceTree = "<group>"; };
		43BC86FD24B98A71004CBB07 /* Info.plist */ = {isa = PBXFileReference; lastKnownFileType = text.plist.xml; path = Info.plist; sourceTree = "<group>"; };
		43BC870224B98A72004CBB07 /* VirtueOSOTests.xctest */ = {isa = PBXFileReference; explicitFileType = wrapper.cfbundle; includeInIndex = 0; path = VirtueOSOTests.xctest; sourceTree = BUILT_PRODUCTS_DIR; };
		43BC870624B98A72004CBB07 /* VirtueOSOTests.swift */ = {isa = PBXFileReference; lastKnownFileType = sourcecode.swift; path = VirtueOSOTests.swift; sourceTree = "<group>"; };
		43BC870824B98A72004CBB07 /* Info.plist */ = {isa = PBXFileReference; lastKnownFileType = text.plist.xml; path = Info.plist; sourceTree = "<group>"; };
		43BC870D24B98A72004CBB07 /* VirtueOSOUITests.xctest */ = {isa = PBXFileReference; explicitFileType = wrapper.cfbundle; includeInIndex = 0; path = VirtueOSOUITests.xctest; sourceTree = BUILT_PRODUCTS_DIR; };
		43BC871124B98A72004CBB07 /* VirtueOSOUITests.swift */ = {isa = PBXFileReference; lastKnownFileType = sourcecode.swift; path = VirtueOSOUITests.swift; sourceTree = "<group>"; };
		43BC871324B98A72004CBB07 /* Info.plist */ = {isa = PBXFileReference; lastKnownFileType = text.plist.xml; path = Info.plist; sourceTree = "<group>"; };
		43BC872924B98E18004CBB07 /* AuthenticationHomeViewController.swift */ = {isa = PBXFileReference; lastKnownFileType = sourcecode.swift; path = AuthenticationHomeViewController.swift; sourceTree = "<group>"; };
		43BC872B24B98E32004CBB07 /* UIColor+Extensions.swift */ = {isa = PBXFileReference; lastKnownFileType = sourcecode.swift; path = "UIColor+Extensions.swift"; sourceTree = "<group>"; };
		43BC872E24B98F29004CBB07 /* NavigationController.swift */ = {isa = PBXFileReference; lastKnownFileType = sourcecode.swift; path = NavigationController.swift; sourceTree = "<group>"; };
		43BC873024B98F87004CBB07 /* UIView+Extensions.swift */ = {isa = PBXFileReference; lastKnownFileType = sourcecode.swift; path = "UIView+Extensions.swift"; sourceTree = "<group>"; };
		43BC873224B98FB8004CBB07 /* UIViewController+Extensions.swift */ = {isa = PBXFileReference; lastKnownFileType = sourcecode.swift; path = "UIViewController+Extensions.swift"; sourceTree = "<group>"; };
		43BC873424B98FE4004CBB07 /* UIImageView+Extensions.swift */ = {isa = PBXFileReference; lastKnownFileType = sourcecode.swift; path = "UIImageView+Extensions.swift"; sourceTree = "<group>"; };
		43BC873624B99002004CBB07 /* UIFont+Extensions.swift */ = {isa = PBXFileReference; lastKnownFileType = sourcecode.swift; path = "UIFont+Extensions.swift"; sourceTree = "<group>"; };
		43BC873824B9902C004CBB07 /* UITextField+Extensions.swift */ = {isa = PBXFileReference; lastKnownFileType = sourcecode.swift; path = "UITextField+Extensions.swift"; sourceTree = "<group>"; };
		43BC873B24BA01C6004CBB07 /* TextFieldView.swift */ = {isa = PBXFileReference; lastKnownFileType = sourcecode.swift; path = TextFieldView.swift; sourceTree = "<group>"; };
		43BC873E24BA01FD004CBB07 /* ComponentView.swift */ = {isa = PBXFileReference; lastKnownFileType = sourcecode.swift; path = ComponentView.swift; sourceTree = "<group>"; };
		43BC874124BA028B004CBB07 /* Border.swift */ = {isa = PBXFileReference; lastKnownFileType = sourcecode.swift; path = Border.swift; sourceTree = "<group>"; };
		43BC874424BA0535004CBB07 /* TextView.swift */ = {isa = PBXFileReference; lastKnownFileType = sourcecode.swift; path = TextView.swift; sourceTree = "<group>"; };
		43BC874724BA3BD4004CBB07 /* TitleView.swift */ = {isa = PBXFileReference; lastKnownFileType = sourcecode.swift; path = TitleView.swift; sourceTree = "<group>"; };
		43BC874A24BA9CCA004CBB07 /* Button.swift */ = {isa = PBXFileReference; lastKnownFileType = sourcecode.swift; path = Button.swift; sourceTree = "<group>"; };
		43BC874D24BAEF0F004CBB07 /* NotificationViewController.swift */ = {isa = PBXFileReference; lastKnownFileType = sourcecode.swift; path = NotificationViewController.swift; sourceTree = "<group>"; };
		43BC875024BB6592004CBB07 /* LoginViewController.swift */ = {isa = PBXFileReference; lastKnownFileType = sourcecode.swift; path = LoginViewController.swift; sourceTree = "<group>"; };
		43BC875324BB6669004CBB07 /* BorderedTextField.swift */ = {isa = PBXFileReference; lastKnownFileType = sourcecode.swift; path = BorderedTextField.swift; sourceTree = "<group>"; };
		43C660BF252D6701002EAD93 /* ProfileTableViewCell.swift */ = {isa = PBXFileReference; lastKnownFileType = sourcecode.swift; path = ProfileTableViewCell.swift; sourceTree = "<group>"; };
		43C660C825314F73002EAD93 /* ArtistViewController.swift */ = {isa = PBXFileReference; lastKnownFileType = sourcecode.swift; path = ArtistViewController.swift; sourceTree = "<group>"; };
		43C660D625323FCD002EAD93 /* TableViewCellDataSource.swift */ = {isa = PBXFileReference; lastKnownFileType = sourcecode.swift; path = TableViewCellDataSource.swift; sourceTree = "<group>"; };
		43C660DC2532457E002EAD93 /* TitleTableViewHeaderFooterView.swift */ = {isa = PBXFileReference; lastKnownFileType = sourcecode.swift; path = TitleTableViewHeaderFooterView.swift; sourceTree = "<group>"; };
		43C660F3253380AD002EAD93 /* UIButton+Extensions.swift */ = {isa = PBXFileReference; lastKnownFileType = sourcecode.swift; path = "UIButton+Extensions.swift"; sourceTree = "<group>"; };
		43C660F9253388D8002EAD93 /* EventViewController.swift */ = {isa = PBXFileReference; lastKnownFileType = sourcecode.swift; path = EventViewController.swift; sourceTree = "<group>"; };
		43C661022533AD59002EAD93 /* CollectionView.swift */ = {isa = PBXFileReference; lastKnownFileType = sourcecode.swift; path = CollectionView.swift; sourceTree = "<group>"; };
		43C6610E253B6051002EAD93 /* EditProfileViewController.swift */ = {isa = PBXFileReference; lastKnownFileType = sourcecode.swift; path = EditProfileViewController.swift; sourceTree = "<group>"; };
		43C66114253CB9F7002EAD93 /* SettingsCellTextView.swift */ = {isa = PBXFileReference; lastKnownFileType = sourcecode.swift; path = SettingsCellTextView.swift; sourceTree = "<group>"; };
		43C6611C253CC90D002EAD93 /* UIScrollView+Extensions.swift */ = {isa = PBXFileReference; lastKnownFileType = sourcecode.swift; path = "UIScrollView+Extensions.swift"; sourceTree = "<group>"; };
		43C661262544B09D002EAD93 /* EventDetailTableViewCell.swift */ = {isa = PBXFileReference; lastKnownFileType = sourcecode.swift; path = EventDetailTableViewCell.swift; sourceTree = "<group>"; };
		43D648CA251C3BFD009A007B /* MainTabBarController.swift */ = {isa = PBXFileReference; lastKnownFileType = sourcecode.swift; path = MainTabBarController.swift; sourceTree = "<group>"; };
		43F1D8D2251FE3CB00AC6FA9 /* MainTabBarControllerDelegate.swift */ = {isa = PBXFileReference; lastKnownFileType = sourcecode.swift; path = MainTabBarControllerDelegate.swift; sourceTree = "<group>"; };
		43F1D8D7251FE9B300AC6FA9 /* ProfileCoordinator+Handlers.swift */ = {isa = PBXFileReference; lastKnownFileType = sourcecode.swift; path = "ProfileCoordinator+Handlers.swift"; sourceTree = "<group>"; };
		43F1D8F02520D65300AC6FA9 /* ProfileViewController.swift */ = {isa = PBXFileReference; lastKnownFileType = sourcecode.swift; path = ProfileViewController.swift; sourceTree = "<group>"; };
		43F1D8F52520F8AF00AC6FA9 /* UIBarButtonItem+Extensions.swift */ = {isa = PBXFileReference; lastKnownFileType = sourcecode.swift; path = "UIBarButtonItem+Extensions.swift"; sourceTree = "<group>"; };
		43F1D9012520FE7000AC6FA9 /* DiscoverCoordinator.swift */ = {isa = PBXFileReference; lastKnownFileType = sourcecode.swift; path = DiscoverCoordinator.swift; sourceTree = "<group>"; };
		43F1D9072521017600AC6FA9 /* DiscoverViewController.swift */ = {isa = PBXFileReference; lastKnownFileType = sourcecode.swift; path = DiscoverViewController.swift; sourceTree = "<group>"; };
		43F1D91C2528AA8B00AC6FA9 /* AttributedLabel.swift */ = {isa = PBXFileReference; lastKnownFileType = sourcecode.swift; path = AttributedLabel.swift; sourceTree = "<group>"; };
		43F1D9212528AE1900AC6FA9 /* NSAttributedString+Extensions.swift */ = {isa = PBXFileReference; lastKnownFileType = sourcecode.swift; path = "NSAttributedString+Extensions.swift"; sourceTree = "<group>"; };
		43F1D9272528B74D00AC6FA9 /* AttributedTextView.swift */ = {isa = PBXFileReference; lastKnownFileType = sourcecode.swift; path = AttributedTextView.swift; sourceTree = "<group>"; };
		43F1D92C2528BB0B00AC6FA9 /* NSMutableAttributedString+Extensions.swift */ = {isa = PBXFileReference; lastKnownFileType = sourcecode.swift; path = "NSMutableAttributedString+Extensions.swift"; sourceTree = "<group>"; };
		43F1D9312528D63400AC6FA9 /* UINavigationController+Extensions.swift */ = {isa = PBXFileReference; lastKnownFileType = sourcecode.swift; path = "UINavigationController+Extensions.swift"; sourceTree = "<group>"; };
		43F5D40024BB86E6004AE586 /* TextField.swift */ = {isa = PBXFileReference; lastKnownFileType = sourcecode.swift; path = TextField.swift; sourceTree = "<group>"; };
		43F5D40224BB87C9004AE586 /* BorderedTextField+UITextView.swift */ = {isa = PBXFileReference; lastKnownFileType = sourcecode.swift; path = "BorderedTextField+UITextView.swift"; sourceTree = "<group>"; };
		43F5D40524BC06C5004AE586 /* AButton.swift */ = {isa = PBXFileReference; lastKnownFileType = sourcecode.swift; path = AButton.swift; sourceTree = "<group>"; };
/* End PBXFileReference section */

/* Begin PBXFrameworksBuildPhase section */
		43BC86E624B98A70004CBB07 /* Frameworks */ = {
			isa = PBXFrameworksBuildPhase;
			buildActionMask = 2147483647;
			files = (
			);
			runOnlyForDeploymentPostprocessing = 0;
		};
		43BC86FF24B98A72004CBB07 /* Frameworks */ = {
			isa = PBXFrameworksBuildPhase;
			buildActionMask = 2147483647;
			files = (
			);
			runOnlyForDeploymentPostprocessing = 0;
		};
		43BC870A24B98A72004CBB07 /* Frameworks */ = {
			isa = PBXFrameworksBuildPhase;
			buildActionMask = 2147483647;
			files = (
			);
			runOnlyForDeploymentPostprocessing = 0;
		};
/* End PBXFrameworksBuildPhase section */

/* Begin PBXGroup section */
		4302615224CC28CE00ECB4F8 /* SettingsViewController */ = {
			isa = PBXGroup;
			children = (
				4302616124CC772A00ECB4F8 /* SettingsViewController.swift */,
			);
			path = SettingsViewController;
			sourceTree = "<group>";
		};
		4302615524CC2C9A00ECB4F8 /* SettingsTableViewCell */ = {
			isa = PBXGroup;
			children = (
				4302615624CC2CB200ECB4F8 /* SettingsTableViewCell.swift */,
			);
			path = SettingsTableViewCell;
			sourceTree = "<group>";
		};
		4302615824CC5D0700ECB4F8 /* SettingsCellView */ = {
			isa = PBXGroup;
			children = (
				4302615924CC5D2E00ECB4F8 /* SettingsCellView.swift */,
			);
			path = SettingsCellView;
			sourceTree = "<group>";
		};
		4302615B24CC621D00ECB4F8 /* SettingsHeaderView */ = {
			isa = PBXGroup;
			children = (
				4302615C24CC622B00ECB4F8 /* SettingsHeaderCellView.swift */,
			);
			path = SettingsHeaderView;
			sourceTree = "<group>";
		};
		4302615E24CC76F400ECB4F8 /* Coordinators */ = {
			isa = PBXGroup;
			children = (
				4392E5372556EE7B007572C2 /* EventsCoordinator */,
				43F1D9002520FE4800AC6FA9 /* DiscoverCoordinator */,
				43B2E393251FE06B0067CA5A /* ProfileCoordinator */,
				43B2E392251FE05C0067CA5A /* AuthenticationCoordinator */,
				437E3C2F251FAB480030C23B /* MainCoordinator */,
			);
			path = Coordinators;
			sourceTree = "<group>";
		};
		4302616324CC7F7800ECB4F8 /* SettingsCellToggleView */ = {
			isa = PBXGroup;
			children = (
				4302616424CC7FA700ECB4F8 /* SettingsCellToggleView.swift */,
			);
			path = SettingsCellToggleView;
			sourceTree = "<group>";
		};
		4302616624CC90B300ECB4F8 /* Protocols */ = {
			isa = PBXGroup;
			children = (
				4302616724CC90C500ECB4F8 /* Coordinator.swift */,
				43C660D625323FCD002EAD93 /* TableViewCellDataSource.swift */,
			);
			path = Protocols;
			sourceTree = "<group>";
		};
		43308CF924BC0C5400DDE2E5 /* SubmitEmailViewController */ = {
			isa = PBXGroup;
			children = (
				43308CFA24BC0C6700DDE2E5 /* SubmitEmailViewController.swift */,
			);
			path = SubmitEmailViewController;
			sourceTree = "<group>";
		};
		43308CFC24BC210300DDE2E5 /* SignupViewController */ = {
			isa = PBXGroup;
			children = (
				43308CFD24BC211500DDE2E5 /* SignupViewController.swift */,
			);
			path = SignupViewController;
			sourceTree = "<group>";
		};
		43308CFF24BC265400DDE2E5 /* EmptySpaceView */ = {
			isa = PBXGroup;
			children = (
				43308D0024BC266600DDE2E5 /* EmptySpaceView.swift */,
			);
			path = EmptySpaceView;
			sourceTree = "<group>";
		};
		43518B7424C37E21009AA30D /* LiveStreamViewController */ = {
			isa = PBXGroup;
			children = (
				43518B7524C37E3A009AA30D /* LiveStreamViewController.swift */,
			);
			path = LiveStreamViewController;
			sourceTree = "<group>";
		};
		435FF95025584A8B0053735E /* EventTableViewCell */ = {
			isa = PBXGroup;
			children = (
				435FF95A25584AE90053735E /* EventTableViewCell.swift */,
			);
			path = EventTableViewCell;
			sourceTree = "<group>";
		};
		435FF95F25584E810053735E /* EventTableView */ = {
			isa = PBXGroup;
			children = (
				435FF96025584E900053735E /* EventTableView.swift */,
			);
			path = EventTableView;
			sourceTree = "<group>";
		};
		435FF965255B9A1F0053735E /* ImageCountView */ = {
			isa = PBXGroup;
			children = (
				435FF966255B9B790053735E /* ImageCountView.swift */,
			);
			path = ImageCountView;
			sourceTree = "<group>";
		};
		43635CA824DF08A500759BE2 /* WebViewController */ = {
			isa = PBXGroup;
			children = (
				43635CA924DF08B700759BE2 /* WebViewController.swift */,
			);
			path = WebViewController;
			sourceTree = "<group>";
		};
		43635CAB24DF0AD300759BE2 /* LoadingBarView */ = {
			isa = PBXGroup;
			children = (
				43635CAC24DF0AE500759BE2 /* LoadingBarView.swift */,
			);
			path = LoadingBarView;
			sourceTree = "<group>";
		};
		4364A4C824C16ECA00AE9881 /* CheckboxTextView */ = {
			isa = PBXGroup;
			children = (
				4364A4C924C16EE300AE9881 /* CheckboxView.swift */,
			);
			path = CheckboxTextView;
			sourceTree = "<group>";
		};
		436ECB7724D705680054BA32 /* ChatRoomTableViewController */ = {
			isa = PBXGroup;
			children = (
				436ECB7824D705800054BA32 /* ChatRoomTableViewController.swift */,
			);
			path = ChatRoomTableViewController;
			sourceTree = "<group>";
		};
		436ECB7A24D707240054BA32 /* ChatInputBarView */ = {
			isa = PBXGroup;
			children = (
				436ECB7B24D7079E0054BA32 /* ChatInputBarView.swift */,
			);
			path = ChatInputBarView;
			sourceTree = "<group>";
		};
		4372F02924CE807B00E5FD33 /* PersonalInfoViewController */ = {
			isa = PBXGroup;
			children = (
				4372F02A24CE809200E5FD33 /* PersonalInfoViewController.swift */,
			);
			path = PersonalInfoViewController;
			sourceTree = "<group>";
		};
		4372F02C24CE812800E5FD33 /* SettingsCellTextFieldView */ = {
			isa = PBXGroup;
			children = (
				4372F02D24CE814500E5FD33 /* SettingsCellTextFieldView.swift */,
			);
			path = SettingsCellTextFieldView;
			sourceTree = "<group>";
		};
		4372F02F24CE9EB800E5FD33 /* SettingsNavigationBarView */ = {
			isa = PBXGroup;
			children = (
				4372F03024CE9EEE00E5FD33 /* SettingsNavigationBarView.swift */,
			);
			path = SettingsNavigationBarView;
			sourceTree = "<group>";
		};
		4372F03224CFEAC700E5FD33 /* SettingsPickerView */ = {
			isa = PBXGroup;
			children = (
				4372F03324CFEAE200E5FD33 /* SettingsPickerView.swift */,
			);
			path = SettingsPickerView;
			sourceTree = "<group>";
		};
		4372F03524CFEAF500E5FD33 /* DataSources */ = {
			isa = PBXGroup;
			children = (
				4372F03624CFEB0A00E5FD33 /* SettingsViewDataSource.swift */,
			);
			path = DataSources;
			sourceTree = "<group>";
		};
		4372F03824D5D97900E5FD33 /* RoundButton */ = {
			isa = PBXGroup;
			children = (
				4372F03924D5D98800E5FD33 /* RoundButton.swift */,
			);
			path = RoundButton;
			sourceTree = "<group>";
		};
		4372F03B24D5F17100E5FD33 /* ChangePasswordViewController */ = {
			isa = PBXGroup;
			children = (
				4372F03C24D5F18E00E5FD33 /* ChangePasswordViewController.swift */,
			);
			path = ChangePasswordViewController;
			sourceTree = "<group>";
		};
		4372F03E24D5F39C00E5FD33 /* StackView */ = {
			isa = PBXGroup;
			children = (
				4372F03F24D5F3AE00E5FD33 /* StackView.swift */,
			);
			path = StackView;
			sourceTree = "<group>";
		};
		437E3C2F251FAB480030C23B /* MainCoordinator */ = {
			isa = PBXGroup;
			children = (
				430756AB24E96D9900443198 /* MainCoordinator.swift */,
			);
			path = MainCoordinator;
			sourceTree = "<group>";
		};
		4392E50E2549037E007572C2 /* EventDetailTableView */ = {
			isa = PBXGroup;
			children = (
				4392E50F25490391007572C2 /* EventDetailTableView.swift */,
			);
			path = EventDetailTableView;
			sourceTree = "<group>";
		};
		4392E51725490699007572C2 /* ViewModels */ = {
			isa = PBXGroup;
			children = (
				4392E518254906AE007572C2 /* EventViewModel.swift */,
				43B8C3F92561D208004D2429 /* ProfileViewModel.swift */,
			);
			path = ViewModels;
			sourceTree = "<group>";
		};
		4392E52825490FB1007572C2 /* ProfileTableView */ = {
			isa = PBXGroup;
			children = (
				4392E52925490FC5007572C2 /* ProfileTableView.swift */,
			);
			path = ProfileTableView;
			sourceTree = "<group>";
		};
		4392E5372556EE7B007572C2 /* EventsCoordinator */ = {
			isa = PBXGroup;
			children = (
				4392E5382556EE8E007572C2 /* EventsCoordinator.swift */,
			);
			path = EventsCoordinator;
			sourceTree = "<group>";
		};
		4392E5402556F130007572C2 /* EventsTableViewController */ = {
			isa = PBXGroup;
			children = (
				4392E5412556F141007572C2 /* EventsTableViewController.swift */,
			);
			path = EventsTableViewController;
			sourceTree = "<group>";
		};
		4392E549255848D5007572C2 /* DiscoverEventViewController */ = {
			isa = PBXGroup;
			children = (
				4392E54A255848ED007572C2 /* DiscoverEventTableViewController.swift */,
			);
			path = DiscoverEventViewController;
			sourceTree = "<group>";
		};
		43B2E392251FE05C0067CA5A /* AuthenticationCoordinator */ = {
			isa = PBXGroup;
			children = (
				432D82F224F1813B007193AD /* AuthenticationCoordinator.swift */,
			);
			path = AuthenticationCoordinator;
			sourceTree = "<group>";
		};
		43B2E393251FE06B0067CA5A /* ProfileCoordinator */ = {
			isa = PBXGroup;
			children = (
				4302615F24CC770B00ECB4F8 /* ProfileCoordinator.swift */,
				43F1D8D7251FE9B300AC6FA9 /* ProfileCoordinator+Handlers.swift */,
			);
			path = ProfileCoordinator;
			sourceTree = "<group>";
		};
		43B8C4012561E52E004D2429 /* DirectMessageTableViewController */ = {
			isa = PBXGroup;
			children = (
				43B8C4022561E54F004D2429 /* DirectMessageTableViewController.swift */,
			);
			path = DirectMessageTableViewController;
			sourceTree = "<group>";
		};
		43B8C4072561E70B004D2429 /* SearchBarTableViewHeaderFooterView */ = {
			isa = PBXGroup;
			children = (
				43B8C4082561E72B004D2429 /* SearchBarTableViewHeaderFooterView.swift */,
			);
			path = SearchBarTableViewHeaderFooterView;
			sourceTree = "<group>";
		};
		43BC86E024B98A70004CBB07 = {
			isa = PBXGroup;
			children = (
				43BC86EB24B98A70004CBB07 /* VirtueOSO */,
				43BC870524B98A72004CBB07 /* VirtueOSOTests */,
				43BC871024B98A72004CBB07 /* VirtueOSOUITests */,
				43BC86EA24B98A70004CBB07 /* Products */,
			);
			sourceTree = "<group>";
		};
		43BC86EA24B98A70004CBB07 /* Products */ = {
			isa = PBXGroup;
			children = (
				43BC86E924B98A70004CBB07 /* VirtueOSO.app */,
				43BC870224B98A72004CBB07 /* VirtueOSOTests.xctest */,
				43BC870D24B98A72004CBB07 /* VirtueOSOUITests.xctest */,
			);
			name = Products;
			sourceTree = "<group>";
		};
		43BC86EB24B98A70004CBB07 /* VirtueOSO */ = {
			isa = PBXGroup;
			children = (
				4392E51725490699007572C2 /* ViewModels */,
				4372F03524CFEAF500E5FD33 /* DataSources */,
				4302616624CC90B300ECB4F8 /* Protocols */,
				4302615E24CC76F400ECB4F8 /* Coordinators */,
				43BC872424B98CF0004CBB07 /* Delegate */,
				43BC872324B98CE9004CBB07 /* DataSource */,
				43BC872224B98B9B004CBB07 /* Extensions */,
				43BC872124B98B95004CBB07 /* Controllers */,
				43BC872024B98B8F004CBB07 /* Views */,
				43BC871F24B98B89004CBB07 /* Models */,
				43BC86EC24B98A70004CBB07 /* AppDelegate.swift */,
				43BC86EE24B98A70004CBB07 /* SceneDelegate.swift */,
				43BC86F024B98A70004CBB07 /* ViewController.swift */,
				43BC86F224B98A70004CBB07 /* Main.storyboard */,
				43BC86F824B98A71004CBB07 /* Assets.xcassets */,
				43BC86FA24B98A71004CBB07 /* LaunchScreen.storyboard */,
				43BC86FD24B98A71004CBB07 /* Info.plist */,
				43BC86F524B98A70004CBB07 /* VirtueOSO.xcdatamodeld */,
			);
			path = VirtueOSO;
			sourceTree = "<group>";
		};
		43BC870524B98A72004CBB07 /* VirtueOSOTests */ = {
			isa = PBXGroup;
			children = (
				43BC870624B98A72004CBB07 /* VirtueOSOTests.swift */,
				43BC870824B98A72004CBB07 /* Info.plist */,
			);
			path = VirtueOSOTests;
			sourceTree = "<group>";
		};
		43BC871024B98A72004CBB07 /* VirtueOSOUITests */ = {
			isa = PBXGroup;
			children = (
				43BC871124B98A72004CBB07 /* VirtueOSOUITests.swift */,
				43BC871324B98A72004CBB07 /* Info.plist */,
			);
			path = VirtueOSOUITests;
			sourceTree = "<group>";
		};
		43BC871F24B98B89004CBB07 /* Models */ = {
			isa = PBXGroup;
			children = (
				4392E52025490901007572C2 /* Event.swift */,
				43B8C3F42561D1A4004D2429 /* Profile.swift */,
			);
			path = Models;
			sourceTree = "<group>";
		};
		43BC872024B98B8F004CBB07 /* Views */ = {
			isa = PBXGroup;
			children = (
				43B8C4072561E70B004D2429 /* SearchBarTableViewHeaderFooterView */,
				435FF965255B9A1F0053735E /* ImageCountView */,
				435FF95F25584E810053735E /* EventTableView */,
				435FF95025584A8B0053735E /* EventTableViewCell */,
				4392E52825490FB1007572C2 /* ProfileTableView */,
				4392E50E2549037E007572C2 /* EventDetailTableView */,
				43C661252544B086002EAD93 /* EventDetailTableViewCell */,
				43C66113253CB9E0002EAD93 /* SettingsCellTextView */,
				43C661012533AD44002EAD93 /* CollectionView */,
				43C660DB2532456A002EAD93 /* TitleTableViewHeaderFooterView */,
				43C660BE252D66EF002EAD93 /* ProfileTableViewCell */,
				43F1D9262528B73B00AC6FA9 /* AttributedTextView */,
				43F1D91B2528AA7A00AC6FA9 /* AttributedLabel */,
				43635CAB24DF0AD300759BE2 /* LoadingBarView */,
				436ECB7A24D707240054BA32 /* ChatInputBarView */,
				4372F03E24D5F39C00E5FD33 /* StackView */,
				4372F03824D5D97900E5FD33 /* RoundButton */,
				4372F03224CFEAC700E5FD33 /* SettingsPickerView */,
				4372F02F24CE9EB800E5FD33 /* SettingsNavigationBarView */,
				4372F02C24CE812800E5FD33 /* SettingsCellTextFieldView */,
				4302616324CC7F7800ECB4F8 /* SettingsCellToggleView */,
				4302615B24CC621D00ECB4F8 /* SettingsHeaderView */,
				4302615824CC5D0700ECB4F8 /* SettingsCellView */,
				4302615524CC2C9A00ECB4F8 /* SettingsTableViewCell */,
				4364A4C824C16ECA00AE9881 /* CheckboxTextView */,
				43308CFF24BC265400DDE2E5 /* EmptySpaceView */,
				43F5D40424BC06B1004AE586 /* AButton */,
				43F5D3FF24BB86D8004AE586 /* TextField */,
				43BC875224BB6655004CBB07 /* BorderedTextField */,
				43BC874924BA9CBD004CBB07 /* Button */,
				43BC874624BA3BC8004CBB07 /* TitleView */,
				43BC874324BA0525004CBB07 /* TextView */,
				43BC874024BA0280004CBB07 /* Border */,
				43BC873D24BA01ED004CBB07 /* ComponentView */,
				43BC873A24BA0157004CBB07 /* TextFieldView */,
			);
			path = Views;
			sourceTree = "<group>";
		};
		43BC872124B98B95004CBB07 /* Controllers */ = {
			isa = PBXGroup;
			children = (
				43B8C4012561E52E004D2429 /* DirectMessageTableViewController */,
				4392E549255848D5007572C2 /* DiscoverEventViewController */,
				4392E5402556F130007572C2 /* EventsTableViewController */,
				43C6610D253B603C002EAD93 /* EditProfileViewController */,
				43C660F8253388C6002EAD93 /* EventViewController */,
				43C660C725314F63002EAD93 /* ArtistViewController */,
				43F1D9062521016400AC6FA9 /* DiscoverViewController */,
				43BC874F24BB6583004CBB07 /* LoginViewController */,
				43F1D8EF2520D64200AC6FA9 /* ProfileViewController */,
				43D648C9251C3BAB009A007B /* MainTabBarController */,
				43635CA824DF08A500759BE2 /* WebViewController */,
				436ECB7724D705680054BA32 /* ChatRoomTableViewController */,
				4372F03B24D5F17100E5FD33 /* ChangePasswordViewController */,
				4372F02924CE807B00E5FD33 /* PersonalInfoViewController */,
				4302615224CC28CE00ECB4F8 /* SettingsViewController */,
				43518B7424C37E21009AA30D /* LiveStreamViewController */,
				43308CFC24BC210300DDE2E5 /* SignupViewController */,
				43308CF924BC0C5400DDE2E5 /* SubmitEmailViewController */,
				43BC874C24BAEEF8004CBB07 /* NotificationViewController */,
				43BC872D24B98F1A004CBB07 /* NavigationController */,
				43BC872824B98E02004CBB07 /* AuthenticationHomeViewController */,
			);
			path = Controllers;
			sourceTree = "<group>";
		};
		43BC872224B98B9B004CBB07 /* Extensions */ = {
			isa = PBXGroup;
			children = (
				43BC872B24B98E32004CBB07 /* UIColor+Extensions.swift */,
				43BC873024B98F87004CBB07 /* UIView+Extensions.swift */,
				43BC873224B98FB8004CBB07 /* UIViewController+Extensions.swift */,
				43BC873424B98FE4004CBB07 /* UIImageView+Extensions.swift */,
				43BC873624B99002004CBB07 /* UIFont+Extensions.swift */,
				43BC873824B9902C004CBB07 /* UITextField+Extensions.swift */,
				43308D0224BC2A1100DDE2E5 /* UIStackView+Extensions.swift */,
				4302616924CC9C1D00ECB4F8 /* UIImage+Extensions.swift */,
				43F1D8F52520F8AF00AC6FA9 /* UIBarButtonItem+Extensions.swift */,
				43F1D9212528AE1900AC6FA9 /* NSAttributedString+Extensions.swift */,
				43F1D92C2528BB0B00AC6FA9 /* NSMutableAttributedString+Extensions.swift */,
				43F1D9312528D63400AC6FA9 /* UINavigationController+Extensions.swift */,
				43C660F3253380AD002EAD93 /* UIButton+Extensions.swift */,
				43C6611C253CC90D002EAD93 /* UIScrollView+Extensions.swift */,
				4392E532254E3C12007572C2 /* UIDate+Extensions.swift */,
			);
			path = Extensions;
			sourceTree = "<group>";
		};
		43BC872324B98CE9004CBB07 /* DataSource */ = {
			isa = PBXGroup;
			children = (
			);
			path = DataSource;
			sourceTree = "<group>";
		};
		43BC872424B98CF0004CBB07 /* Delegate */ = {
			isa = PBXGroup;
			children = (
				43F1D8D2251FE3CB00AC6FA9 /* MainTabBarControllerDelegate.swift */,
			);
			path = Delegate;
			sourceTree = "<group>";
		};
		43BC872824B98E02004CBB07 /* AuthenticationHomeViewController */ = {
			isa = PBXGroup;
			children = (
				43BC872924B98E18004CBB07 /* AuthenticationHomeViewController.swift */,
			);
			path = AuthenticationHomeViewController;
			sourceTree = "<group>";
		};
		43BC872D24B98F1A004CBB07 /* NavigationController */ = {
			isa = PBXGroup;
			children = (
				43BC872E24B98F29004CBB07 /* NavigationController.swift */,
			);
			path = NavigationController;
			sourceTree = "<group>";
		};
		43BC873A24BA0157004CBB07 /* TextFieldView */ = {
			isa = PBXGroup;
			children = (
				43BC873B24BA01C6004CBB07 /* TextFieldView.swift */,
			);
			path = TextFieldView;
			sourceTree = "<group>";
		};
		43BC873D24BA01ED004CBB07 /* ComponentView */ = {
			isa = PBXGroup;
			children = (
				43BC873E24BA01FD004CBB07 /* ComponentView.swift */,
			);
			path = ComponentView;
			sourceTree = "<group>";
		};
		43BC874024BA0280004CBB07 /* Border */ = {
			isa = PBXGroup;
			children = (
				43BC874124BA028B004CBB07 /* Border.swift */,
			);
			path = Border;
			sourceTree = "<group>";
		};
		43BC874324BA0525004CBB07 /* TextView */ = {
			isa = PBXGroup;
			children = (
				43BC874424BA0535004CBB07 /* TextView.swift */,
			);
			path = TextView;
			sourceTree = "<group>";
		};
		43BC874624BA3BC8004CBB07 /* TitleView */ = {
			isa = PBXGroup;
			children = (
				43BC874724BA3BD4004CBB07 /* TitleView.swift */,
			);
			path = TitleView;
			sourceTree = "<group>";
		};
		43BC874924BA9CBD004CBB07 /* Button */ = {
			isa = PBXGroup;
			children = (
				43BC874A24BA9CCA004CBB07 /* Button.swift */,
			);
			path = Button;
			sourceTree = "<group>";
		};
		43BC874C24BAEEF8004CBB07 /* NotificationViewController */ = {
			isa = PBXGroup;
			children = (
				43BC874D24BAEF0F004CBB07 /* NotificationViewController.swift */,
			);
			path = NotificationViewController;
			sourceTree = "<group>";
		};
		43BC874F24BB6583004CBB07 /* LoginViewController */ = {
			isa = PBXGroup;
			children = (
				43BC875024BB6592004CBB07 /* LoginViewController.swift */,
			);
			path = LoginViewController;
			sourceTree = "<group>";
		};
		43BC875224BB6655004CBB07 /* BorderedTextField */ = {
			isa = PBXGroup;
			children = (
				43BC875324BB6669004CBB07 /* BorderedTextField.swift */,
				43F5D40224BB87C9004AE586 /* BorderedTextField+UITextView.swift */,
			);
			path = BorderedTextField;
			sourceTree = "<group>";
		};
		43C660BE252D66EF002EAD93 /* ProfileTableViewCell */ = {
			isa = PBXGroup;
			children = (
				43C660BF252D6701002EAD93 /* ProfileTableViewCell.swift */,
			);
			path = ProfileTableViewCell;
			sourceTree = "<group>";
		};
		43C660C725314F63002EAD93 /* ArtistViewController */ = {
			isa = PBXGroup;
			children = (
				43C660C825314F73002EAD93 /* ArtistViewController.swift */,
			);
			path = ArtistViewController;
			sourceTree = "<group>";
		};
		43C660DB2532456A002EAD93 /* TitleTableViewHeaderFooterView */ = {
			isa = PBXGroup;
			children = (
				43C660DC2532457E002EAD93 /* TitleTableViewHeaderFooterView.swift */,
			);
			path = TitleTableViewHeaderFooterView;
			sourceTree = "<group>";
		};
		43C660F8253388C6002EAD93 /* EventViewController */ = {
			isa = PBXGroup;
			children = (
				43C660F9253388D8002EAD93 /* EventViewController.swift */,
			);
			path = EventViewController;
			sourceTree = "<group>";
		};
		43C661012533AD44002EAD93 /* CollectionView */ = {
			isa = PBXGroup;
			children = (
				43C661022533AD59002EAD93 /* CollectionView.swift */,
			);
			path = CollectionView;
			sourceTree = "<group>";
		};
		43C6610D253B603C002EAD93 /* EditProfileViewController */ = {
			isa = PBXGroup;
			children = (
				43C6610E253B6051002EAD93 /* EditProfileViewController.swift */,
			);
			path = EditProfileViewController;
			sourceTree = "<group>";
		};
		43C66113253CB9E0002EAD93 /* SettingsCellTextView */ = {
			isa = PBXGroup;
			children = (
				43C66114253CB9F7002EAD93 /* SettingsCellTextView.swift */,
			);
			path = SettingsCellTextView;
			sourceTree = "<group>";
		};
		43C661252544B086002EAD93 /* EventDetailTableViewCell */ = {
			isa = PBXGroup;
			children = (
				43C661262544B09D002EAD93 /* EventDetailTableViewCell.swift */,
			);
			path = EventDetailTableViewCell;
			sourceTree = "<group>";
		};
		43D648C9251C3BAB009A007B /* MainTabBarController */ = {
			isa = PBXGroup;
			children = (
				43D648CA251C3BFD009A007B /* MainTabBarController.swift */,
			);
			path = MainTabBarController;
			sourceTree = "<group>";
		};
		43F1D8EF2520D64200AC6FA9 /* ProfileViewController */ = {
			isa = PBXGroup;
			children = (
				43F1D8F02520D65300AC6FA9 /* ProfileViewController.swift */,
			);
			path = ProfileViewController;
			sourceTree = "<group>";
		};
		43F1D9002520FE4800AC6FA9 /* DiscoverCoordinator */ = {
			isa = PBXGroup;
			children = (
				43F1D9012520FE7000AC6FA9 /* DiscoverCoordinator.swift */,
			);
			path = DiscoverCoordinator;
			sourceTree = "<group>";
		};
		43F1D9062521016400AC6FA9 /* DiscoverViewController */ = {
			isa = PBXGroup;
			children = (
				43F1D9072521017600AC6FA9 /* DiscoverViewController.swift */,
			);
			path = DiscoverViewController;
			sourceTree = "<group>";
		};
		43F1D91B2528AA7A00AC6FA9 /* AttributedLabel */ = {
			isa = PBXGroup;
			children = (
				43F1D91C2528AA8B00AC6FA9 /* AttributedLabel.swift */,
			);
			path = AttributedLabel;
			sourceTree = "<group>";
		};
		43F1D9262528B73B00AC6FA9 /* AttributedTextView */ = {
			isa = PBXGroup;
			children = (
				43F1D9272528B74D00AC6FA9 /* AttributedTextView.swift */,
			);
			path = AttributedTextView;
			sourceTree = "<group>";
		};
		43F5D3FF24BB86D8004AE586 /* TextField */ = {
			isa = PBXGroup;
			children = (
				43F5D40024BB86E6004AE586 /* TextField.swift */,
			);
			path = TextField;
			sourceTree = "<group>";
		};
		43F5D40424BC06B1004AE586 /* AButton */ = {
			isa = PBXGroup;
			children = (
				43F5D40524BC06C5004AE586 /* AButton.swift */,
			);
			path = AButton;
			sourceTree = "<group>";
		};
/* End PBXGroup section */

/* Begin PBXNativeTarget section */
		43BC86E824B98A70004CBB07 /* VirtueOSO */ = {
			isa = PBXNativeTarget;
			buildConfigurationList = 43BC871624B98A72004CBB07 /* Build configuration list for PBXNativeTarget "VirtueOSO" */;
			buildPhases = (
				43BC86E524B98A70004CBB07 /* Sources */,
				43BC86E624B98A70004CBB07 /* Frameworks */,
				43BC86E724B98A70004CBB07 /* Resources */,
			);
			buildRules = (
			);
			dependencies = (
			);
			name = VirtueOSO;
			productName = VirtueOSO;
			productReference = 43BC86E924B98A70004CBB07 /* VirtueOSO.app */;
			productType = "com.apple.product-type.application";
		};
		43BC870124B98A72004CBB07 /* VirtueOSOTests */ = {
			isa = PBXNativeTarget;
			buildConfigurationList = 43BC871924B98A72004CBB07 /* Build configuration list for PBXNativeTarget "VirtueOSOTests" */;
			buildPhases = (
				43BC86FE24B98A72004CBB07 /* Sources */,
				43BC86FF24B98A72004CBB07 /* Frameworks */,
				43BC870024B98A72004CBB07 /* Resources */,
			);
			buildRules = (
			);
			dependencies = (
				43BC870424B98A72004CBB07 /* PBXTargetDependency */,
			);
			name = VirtueOSOTests;
			productName = VirtueOSOTests;
			productReference = 43BC870224B98A72004CBB07 /* VirtueOSOTests.xctest */;
			productType = "com.apple.product-type.bundle.unit-test";
		};
		43BC870C24B98A72004CBB07 /* VirtueOSOUITests */ = {
			isa = PBXNativeTarget;
			buildConfigurationList = 43BC871C24B98A72004CBB07 /* Build configuration list for PBXNativeTarget "VirtueOSOUITests" */;
			buildPhases = (
				43BC870924B98A72004CBB07 /* Sources */,
				43BC870A24B98A72004CBB07 /* Frameworks */,
				43BC870B24B98A72004CBB07 /* Resources */,
			);
			buildRules = (
			);
			dependencies = (
				43BC870F24B98A72004CBB07 /* PBXTargetDependency */,
			);
			name = VirtueOSOUITests;
			productName = VirtueOSOUITests;
			productReference = 43BC870D24B98A72004CBB07 /* VirtueOSOUITests.xctest */;
			productType = "com.apple.product-type.bundle.ui-testing";
		};
/* End PBXNativeTarget section */

/* Begin PBXProject section */
		43BC86E124B98A70004CBB07 /* Project object */ = {
			isa = PBXProject;
			attributes = {
				LastSwiftUpdateCheck = 1150;
				LastUpgradeCheck = 1150;
				ORGANIZATIONNAME = "Heriberto Prieto";
				TargetAttributes = {
					43BC86E824B98A70004CBB07 = {
						CreatedOnToolsVersion = 11.5;
					};
					43BC870124B98A72004CBB07 = {
						CreatedOnToolsVersion = 11.5;
						TestTargetID = 43BC86E824B98A70004CBB07;
					};
					43BC870C24B98A72004CBB07 = {
						CreatedOnToolsVersion = 11.5;
						TestTargetID = 43BC86E824B98A70004CBB07;
					};
				};
			};
			buildConfigurationList = 43BC86E424B98A70004CBB07 /* Build configuration list for PBXProject "VirtueOSO" */;
			compatibilityVersion = "Xcode 9.3";
			developmentRegion = en;
			hasScannedForEncodings = 0;
			knownRegions = (
				en,
				Base,
			);
			mainGroup = 43BC86E024B98A70004CBB07;
			productRefGroup = 43BC86EA24B98A70004CBB07 /* Products */;
			projectDirPath = "";
			projectRoot = "";
			targets = (
				43BC86E824B98A70004CBB07 /* VirtueOSO */,
				43BC870124B98A72004CBB07 /* VirtueOSOTests */,
				43BC870C24B98A72004CBB07 /* VirtueOSOUITests */,
			);
		};
/* End PBXProject section */

/* Begin PBXResourcesBuildPhase section */
		43BC86E724B98A70004CBB07 /* Resources */ = {
			isa = PBXResourcesBuildPhase;
			buildActionMask = 2147483647;
			files = (
				43BC86FC24B98A71004CBB07 /* LaunchScreen.storyboard in Resources */,
				43BC86F924B98A71004CBB07 /* Assets.xcassets in Resources */,
				43BC86F424B98A70004CBB07 /* Main.storyboard in Resources */,
			);
			runOnlyForDeploymentPostprocessing = 0;
		};
		43BC870024B98A72004CBB07 /* Resources */ = {
			isa = PBXResourcesBuildPhase;
			buildActionMask = 2147483647;
			files = (
			);
			runOnlyForDeploymentPostprocessing = 0;
		};
		43BC870B24B98A72004CBB07 /* Resources */ = {
			isa = PBXResourcesBuildPhase;
			buildActionMask = 2147483647;
			files = (
			);
			runOnlyForDeploymentPostprocessing = 0;
		};
/* End PBXResourcesBuildPhase section */

/* Begin PBXSourcesBuildPhase section */
		43BC86E524B98A70004CBB07 /* Sources */ = {
			isa = PBXSourcesBuildPhase;
			buildActionMask = 2147483647;
			files = (
				43B8C4032561E54F004D2429 /* DirectMessageTableViewController.swift in Sources */,
				435FF967255B9B790053735E /* ImageCountView.swift in Sources */,
				43BC873524B98FE4004CBB07 /* UIImageView+Extensions.swift in Sources */,
				43C660F4253380AD002EAD93 /* UIButton+Extensions.swift in Sources */,
				43F5D40124BB86E6004AE586 /* TextField.swift in Sources */,
				4372F03124CE9EEE00E5FD33 /* SettingsNavigationBarView.swift in Sources */,
				4392E52A25490FC5007572C2 /* ProfileTableView.swift in Sources */,
				43BC874224BA028B004CBB07 /* Border.swift in Sources */,
				4364A4CA24C16EE300AE9881 /* CheckboxView.swift in Sources */,
				43518B7624C37E3A009AA30D /* LiveStreamViewController.swift in Sources */,
				43BC873724B99002004CBB07 /* UIFont+Extensions.swift in Sources */,
				43C6610F253B6051002EAD93 /* EditProfileViewController.swift in Sources */,
				43C6611D253CC90D002EAD93 /* UIScrollView+Extensions.swift in Sources */,
				43F1D9282528B74D00AC6FA9 /* AttributedTextView.swift in Sources */,
				43F1D9082521017600AC6FA9 /* DiscoverViewController.swift in Sources */,
				43BC86F124B98A70004CBB07 /* ViewController.swift in Sources */,
				43308CFB24BC0C6700DDE2E5 /* SubmitEmailViewController.swift in Sources */,
				43C660C925314F73002EAD93 /* ArtistViewController.swift in Sources */,
				43F1D8F12520D65300AC6FA9 /* ProfileViewController.swift in Sources */,
				43F1D8D8251FE9B300AC6FA9 /* ProfileCoordinator+Handlers.swift in Sources */,
				43BC873C24BA01C6004CBB07 /* TextFieldView.swift in Sources */,
				436ECB7C24D7079E0054BA32 /* ChatInputBarView.swift in Sources */,
				4372F04024D5F3AE00E5FD33 /* StackView.swift in Sources */,
				43BC875424BB6669004CBB07 /* BorderedTextField.swift in Sources */,
				4302615724CC2CB200ECB4F8 /* SettingsTableViewCell.swift in Sources */,
				43F1D92D2528BB0B00AC6FA9 /* NSMutableAttributedString+Extensions.swift in Sources */,
				43BC872C24B98E32004CBB07 /* UIColor+Extensions.swift in Sources */,
				4392E533254E3C12007572C2 /* UIDate+Extensions.swift in Sources */,
				4392E51025490391007572C2 /* EventDetailTableView.swift in Sources */,
				4392E5392556EE8E007572C2 /* EventsCoordinator.swift in Sources */,
				43BC86ED24B98A70004CBB07 /* AppDelegate.swift in Sources */,
				43D648CB251C3BFD009A007B /* MainTabBarController.swift in Sources */,
				43B8C3F52561D1A4004D2429 /* Profile.swift in Sources */,
				43F1D91D2528AA8B00AC6FA9 /* AttributedLabel.swift in Sources */,
				43BC874B24BA9CCA004CBB07 /* Button.swift in Sources */,
				43BC875124BB6592004CBB07 /* LoginViewController.swift in Sources */,
				43F1D8F62520F8AF00AC6FA9 /* UIBarButtonItem+Extensions.swift in Sources */,
				4302616824CC90C500ECB4F8 /* Coordinator.swift in Sources */,
				43BC872A24B98E18004CBB07 /* AuthenticationHomeViewController.swift in Sources */,
				43C66115253CB9F7002EAD93 /* SettingsCellTextView.swift in Sources */,
				4392E52125490901007572C2 /* Event.swift in Sources */,
				43C661272544B09D002EAD93 /* EventDetailTableViewCell.swift in Sources */,
				4372F03724CFEB0A00E5FD33 /* SettingsViewDataSource.swift in Sources */,
				43C660DD2532457E002EAD93 /* TitleTableViewHeaderFooterView.swift in Sources */,
				43BC873324B98FB8004CBB07 /* UIViewController+Extensions.swift in Sources */,
				4302615A24CC5D2E00ECB4F8 /* SettingsCellView.swift in Sources */,
				43635CAD24DF0AE500759BE2 /* LoadingBarView.swift in Sources */,
				43BC874524BA0535004CBB07 /* TextView.swift in Sources */,
				4392E54B255848ED007572C2 /* DiscoverEventTableViewController.swift in Sources */,
				43BC86F724B98A70004CBB07 /* VirtueOSO.xcdatamodeld in Sources */,
				4372F02E24CE814500E5FD33 /* SettingsCellTextFieldView.swift in Sources */,
				43BC874E24BAEF0F004CBB07 /* NotificationViewController.swift in Sources */,
				4392E5422556F141007572C2 /* EventsTableViewController.swift in Sources */,
				43BC872F24B98F29004CBB07 /* NavigationController.swift in Sources */,
				4302615D24CC622B00ECB4F8 /* SettingsHeaderCellView.swift in Sources */,
				43BC874824BA3BD4004CBB07 /* TitleView.swift in Sources */,
				4392E519254906AE007572C2 /* EventViewModel.swift in Sources */,
				43F1D8D3251FE3CB00AC6FA9 /* MainTabBarControllerDelegate.swift in Sources */,
				4302616024CC770B00ECB4F8 /* ProfileCoordinator.swift in Sources */,
				43C660D725323FCD002EAD93 /* TableViewCellDataSource.swift in Sources */,
				432D82F324F1813B007193AD /* AuthenticationCoordinator.swift in Sources */,
				43BC873F24BA01FD004CBB07 /* ComponentView.swift in Sources */,
				43BC873924B9902C004CBB07 /* UITextField+Extensions.swift in Sources */,
				43B8C3FA2561D208004D2429 /* ProfileViewModel.swift in Sources */,
				435FF95B25584AE90053735E /* EventTableViewCell.swift in Sources */,
				43F5D40324BB87C9004AE586 /* BorderedTextField+UITextView.swift in Sources */,
				436ECB7924D705800054BA32 /* ChatRoomTableViewController.swift in Sources */,
				43308CFE24BC211500DDE2E5 /* SignupViewController.swift in Sources */,
				43C661032533AD59002EAD93 /* CollectionView.swift in Sources */,
				43F1D9322528D63400AC6FA9 /* UINavigationController+Extensions.swift in Sources */,
				43C660C0252D6701002EAD93 /* ProfileTableViewCell.swift in Sources */,
				4372F02B24CE809200E5FD33 /* PersonalInfoViewController.swift in Sources */,
				4302616524CC7FA700ECB4F8 /* SettingsCellToggleView.swift in Sources */,
				435FF96125584E900053735E /* EventTableView.swift in Sources */,
				43F5D40624BC06C5004AE586 /* AButton.swift in Sources */,
				4372F03424CFEAE200E5FD33 /* SettingsPickerView.swift in Sources */,
				43308D0124BC266600DDE2E5 /* EmptySpaceView.swift in Sources */,
				4372F03A24D5D98800E5FD33 /* RoundButton.swift in Sources */,
				43B8C4092561E72B004D2429 /* SearchBarTableViewHeaderFooterView.swift in Sources */,
				43F1D9222528AE1900AC6FA9 /* NSAttributedString+Extensions.swift in Sources */,
				43308D0324BC2A1100DDE2E5 /* UIStackView+Extensions.swift in Sources */,
				4372F03D24D5F18E00E5FD33 /* ChangePasswordViewController.swift in Sources */,
				43635CAA24DF08B700759BE2 /* WebViewController.swift in Sources */,
				43BC873124B98F87004CBB07 /* UIView+Extensions.swift in Sources */,
				4302616A24CC9C1D00ECB4F8 /* UIImage+Extensions.swift in Sources */,
				43C660FA253388D8002EAD93 /* EventViewController.swift in Sources */,
				430756AC24E96D9900443198 /* MainCoordinator.swift in Sources */,
				43F1D9022520FE7000AC6FA9 /* DiscoverCoordinator.swift in Sources */,
				43BC86EF24B98A70004CBB07 /* SceneDelegate.swift in Sources */,
				4302616224CC772A00ECB4F8 /* SettingsViewController.swift in Sources */,
			);
			runOnlyForDeploymentPostprocessing = 0;
		};
		43BC86FE24B98A72004CBB07 /* Sources */ = {
			isa = PBXSourcesBuildPhase;
			buildActionMask = 2147483647;
			files = (
				43BC870724B98A72004CBB07 /* VirtueOSOTests.swift in Sources */,
			);
			runOnlyForDeploymentPostprocessing = 0;
		};
		43BC870924B98A72004CBB07 /* Sources */ = {
			isa = PBXSourcesBuildPhase;
			buildActionMask = 2147483647;
			files = (
				43BC871224B98A72004CBB07 /* VirtueOSOUITests.swift in Sources */,
			);
			runOnlyForDeploymentPostprocessing = 0;
		};
/* End PBXSourcesBuildPhase section */

/* Begin PBXTargetDependency section */
		43BC870424B98A72004CBB07 /* PBXTargetDependency */ = {
			isa = PBXTargetDependency;
			target = 43BC86E824B98A70004CBB07 /* VirtueOSO */;
			targetProxy = 43BC870324B98A72004CBB07 /* PBXContainerItemProxy */;
		};
		43BC870F24B98A72004CBB07 /* PBXTargetDependency */ = {
			isa = PBXTargetDependency;
			target = 43BC86E824B98A70004CBB07 /* VirtueOSO */;
			targetProxy = 43BC870E24B98A72004CBB07 /* PBXContainerItemProxy */;
		};
/* End PBXTargetDependency section */

/* Begin PBXVariantGroup section */
		43BC86F224B98A70004CBB07 /* Main.storyboard */ = {
			isa = PBXVariantGroup;
			children = (
				43BC86F324B98A70004CBB07 /* Base */,
			);
			name = Main.storyboard;
			sourceTree = "<group>";
		};
		43BC86FA24B98A71004CBB07 /* LaunchScreen.storyboard */ = {
			isa = PBXVariantGroup;
			children = (
				43BC86FB24B98A71004CBB07 /* Base */,
			);
			name = LaunchScreen.storyboard;
			sourceTree = "<group>";
		};
/* End PBXVariantGroup section */

/* Begin XCBuildConfiguration section */
		43BC871424B98A72004CBB07 /* Debug */ = {
			isa = XCBuildConfiguration;
			buildSettings = {
				ALWAYS_SEARCH_USER_PATHS = NO;
				CLANG_ANALYZER_NONNULL = YES;
				CLANG_ANALYZER_NUMBER_OBJECT_CONVERSION = YES_AGGRESSIVE;
				CLANG_CXX_LANGUAGE_STANDARD = "gnu++14";
				CLANG_CXX_LIBRARY = "libc++";
				CLANG_ENABLE_MODULES = YES;
				CLANG_ENABLE_OBJC_ARC = YES;
				CLANG_ENABLE_OBJC_WEAK = YES;
				CLANG_WARN_BLOCK_CAPTURE_AUTORELEASING = YES;
				CLANG_WARN_BOOL_CONVERSION = YES;
				CLANG_WARN_COMMA = YES;
				CLANG_WARN_CONSTANT_CONVERSION = YES;
				CLANG_WARN_DEPRECATED_OBJC_IMPLEMENTATIONS = YES;
				CLANG_WARN_DIRECT_OBJC_ISA_USAGE = YES_ERROR;
				CLANG_WARN_DOCUMENTATION_COMMENTS = YES;
				CLANG_WARN_EMPTY_BODY = YES;
				CLANG_WARN_ENUM_CONVERSION = YES;
				CLANG_WARN_INFINITE_RECURSION = YES;
				CLANG_WARN_INT_CONVERSION = YES;
				CLANG_WARN_NON_LITERAL_NULL_CONVERSION = YES;
				CLANG_WARN_OBJC_IMPLICIT_RETAIN_SELF = YES;
				CLANG_WARN_OBJC_LITERAL_CONVERSION = YES;
				CLANG_WARN_OBJC_ROOT_CLASS = YES_ERROR;
				CLANG_WARN_RANGE_LOOP_ANALYSIS = YES;
				CLANG_WARN_STRICT_PROTOTYPES = YES;
				CLANG_WARN_SUSPICIOUS_MOVE = YES;
				CLANG_WARN_UNGUARDED_AVAILABILITY = YES_AGGRESSIVE;
				CLANG_WARN_UNREACHABLE_CODE = YES;
				CLANG_WARN__DUPLICATE_METHOD_MATCH = YES;
				COPY_PHASE_STRIP = NO;
				DEBUG_INFORMATION_FORMAT = dwarf;
				ENABLE_STRICT_OBJC_MSGSEND = YES;
				ENABLE_TESTABILITY = YES;
				GCC_C_LANGUAGE_STANDARD = gnu11;
				GCC_DYNAMIC_NO_PIC = NO;
				GCC_NO_COMMON_BLOCKS = YES;
				GCC_OPTIMIZATION_LEVEL = 0;
				GCC_PREPROCESSOR_DEFINITIONS = (
					"DEBUG=1",
					"$(inherited)",
				);
				GCC_WARN_64_TO_32_BIT_CONVERSION = YES;
				GCC_WARN_ABOUT_RETURN_TYPE = YES_ERROR;
				GCC_WARN_UNDECLARED_SELECTOR = YES;
				GCC_WARN_UNINITIALIZED_AUTOS = YES_AGGRESSIVE;
				GCC_WARN_UNUSED_FUNCTION = YES;
				GCC_WARN_UNUSED_VARIABLE = YES;
				IPHONEOS_DEPLOYMENT_TARGET = 13.5;
				MTL_ENABLE_DEBUG_INFO = INCLUDE_SOURCE;
				MTL_FAST_MATH = YES;
				ONLY_ACTIVE_ARCH = YES;
				SDKROOT = iphoneos;
				SWIFT_ACTIVE_COMPILATION_CONDITIONS = DEBUG;
				SWIFT_OPTIMIZATION_LEVEL = "-Onone";
			};
			name = Debug;
		};
		43BC871524B98A72004CBB07 /* Release */ = {
			isa = XCBuildConfiguration;
			buildSettings = {
				ALWAYS_SEARCH_USER_PATHS = NO;
				CLANG_ANALYZER_NONNULL = YES;
				CLANG_ANALYZER_NUMBER_OBJECT_CONVERSION = YES_AGGRESSIVE;
				CLANG_CXX_LANGUAGE_STANDARD = "gnu++14";
				CLANG_CXX_LIBRARY = "libc++";
				CLANG_ENABLE_MODULES = YES;
				CLANG_ENABLE_OBJC_ARC = YES;
				CLANG_ENABLE_OBJC_WEAK = YES;
				CLANG_WARN_BLOCK_CAPTURE_AUTORELEASING = YES;
				CLANG_WARN_BOOL_CONVERSION = YES;
				CLANG_WARN_COMMA = YES;
				CLANG_WARN_CONSTANT_CONVERSION = YES;
				CLANG_WARN_DEPRECATED_OBJC_IMPLEMENTATIONS = YES;
				CLANG_WARN_DIRECT_OBJC_ISA_USAGE = YES_ERROR;
				CLANG_WARN_DOCUMENTATION_COMMENTS = YES;
				CLANG_WARN_EMPTY_BODY = YES;
				CLANG_WARN_ENUM_CONVERSION = YES;
				CLANG_WARN_INFINITE_RECURSION = YES;
				CLANG_WARN_INT_CONVERSION = YES;
				CLANG_WARN_NON_LITERAL_NULL_CONVERSION = YES;
				CLANG_WARN_OBJC_IMPLICIT_RETAIN_SELF = YES;
				CLANG_WARN_OBJC_LITERAL_CONVERSION = YES;
				CLANG_WARN_OBJC_ROOT_CLASS = YES_ERROR;
				CLANG_WARN_RANGE_LOOP_ANALYSIS = YES;
				CLANG_WARN_STRICT_PROTOTYPES = YES;
				CLANG_WARN_SUSPICIOUS_MOVE = YES;
				CLANG_WARN_UNGUARDED_AVAILABILITY = YES_AGGRESSIVE;
				CLANG_WARN_UNREACHABLE_CODE = YES;
				CLANG_WARN__DUPLICATE_METHOD_MATCH = YES;
				COPY_PHASE_STRIP = NO;
				DEBUG_INFORMATION_FORMAT = "dwarf-with-dsym";
				ENABLE_NS_ASSERTIONS = NO;
				ENABLE_STRICT_OBJC_MSGSEND = YES;
				GCC_C_LANGUAGE_STANDARD = gnu11;
				GCC_NO_COMMON_BLOCKS = YES;
				GCC_WARN_64_TO_32_BIT_CONVERSION = YES;
				GCC_WARN_ABOUT_RETURN_TYPE = YES_ERROR;
				GCC_WARN_UNDECLARED_SELECTOR = YES;
				GCC_WARN_UNINITIALIZED_AUTOS = YES_AGGRESSIVE;
				GCC_WARN_UNUSED_FUNCTION = YES;
				GCC_WARN_UNUSED_VARIABLE = YES;
				IPHONEOS_DEPLOYMENT_TARGET = 13.5;
				MTL_ENABLE_DEBUG_INFO = NO;
				MTL_FAST_MATH = YES;
				SDKROOT = iphoneos;
				SWIFT_COMPILATION_MODE = wholemodule;
				SWIFT_OPTIMIZATION_LEVEL = "-O";
				VALIDATE_PRODUCT = YES;
			};
			name = Release;
		};
		43BC871724B98A72004CBB07 /* Debug */ = {
			isa = XCBuildConfiguration;
			buildSettings = {
				ASSETCATALOG_COMPILER_APPICON_NAME = AppIcon;
				CODE_SIGN_STYLE = Automatic;
				DEVELOPMENT_TEAM = D593847M3E;
				INFOPLIST_FILE = VirtueOSO/Info.plist;
				LD_RUNPATH_SEARCH_PATHS = (
					"$(inherited)",
					"@executable_path/Frameworks",
				);
				PRODUCT_BUNDLE_IDENTIFIER = com.VirtueOSO;
				PRODUCT_NAME = "$(TARGET_NAME)";
				SUPPORTED_PLATFORMS = "iphonesimulator iphoneos";
				SWIFT_VERSION = 5.0;
				TARGETED_DEVICE_FAMILY = 1;
			};
			name = Debug;
		};
		43BC871824B98A72004CBB07 /* Release */ = {
			isa = XCBuildConfiguration;
			buildSettings = {
				ASSETCATALOG_COMPILER_APPICON_NAME = AppIcon;
				CODE_SIGN_STYLE = Automatic;
				DEVELOPMENT_TEAM = D593847M3E;
				INFOPLIST_FILE = VirtueOSO/Info.plist;
				LD_RUNPATH_SEARCH_PATHS = (
					"$(inherited)",
					"@executable_path/Frameworks",
				);
				PRODUCT_BUNDLE_IDENTIFIER = com.VirtueOSO;
				PRODUCT_NAME = "$(TARGET_NAME)";
				SUPPORTED_PLATFORMS = "iphonesimulator iphoneos";
				SWIFT_VERSION = 5.0;
				TARGETED_DEVICE_FAMILY = 1;
			};
			name = Release;
		};
		43BC871A24B98A72004CBB07 /* Debug */ = {
			isa = XCBuildConfiguration;
			buildSettings = {
				ALWAYS_EMBED_SWIFT_STANDARD_LIBRARIES = YES;
				BUNDLE_LOADER = "$(TEST_HOST)";
				CODE_SIGN_STYLE = Automatic;
				INFOPLIST_FILE = VirtueOSOTests/Info.plist;
				IPHONEOS_DEPLOYMENT_TARGET = 13.5;
				LD_RUNPATH_SEARCH_PATHS = (
					"$(inherited)",
					"@executable_path/Frameworks",
					"@loader_path/Frameworks",
				);
				PRODUCT_BUNDLE_IDENTIFIER = com.VirtueOSOTests;
				PRODUCT_NAME = "$(TARGET_NAME)";
				SWIFT_VERSION = 5.0;
				TARGETED_DEVICE_FAMILY = "1,2";
				TEST_HOST = "$(BUILT_PRODUCTS_DIR)/VirtueOSO.app/VirtueOSO";
			};
			name = Debug;
		};
		43BC871B24B98A72004CBB07 /* Release */ = {
			isa = XCBuildConfiguration;
			buildSettings = {
				ALWAYS_EMBED_SWIFT_STANDARD_LIBRARIES = YES;
				BUNDLE_LOADER = "$(TEST_HOST)";
				CODE_SIGN_STYLE = Automatic;
				INFOPLIST_FILE = VirtueOSOTests/Info.plist;
				IPHONEOS_DEPLOYMENT_TARGET = 13.5;
				LD_RUNPATH_SEARCH_PATHS = (
					"$(inherited)",
					"@executable_path/Frameworks",
					"@loader_path/Frameworks",
				);
				PRODUCT_BUNDLE_IDENTIFIER = com.VirtueOSOTests;
				PRODUCT_NAME = "$(TARGET_NAME)";
				SWIFT_VERSION = 5.0;
				TARGETED_DEVICE_FAMILY = "1,2";
				TEST_HOST = "$(BUILT_PRODUCTS_DIR)/VirtueOSO.app/VirtueOSO";
			};
			name = Release;
		};
		43BC871D24B98A72004CBB07 /* Debug */ = {
			isa = XCBuildConfiguration;
			buildSettings = {
				ALWAYS_EMBED_SWIFT_STANDARD_LIBRARIES = YES;
				CODE_SIGN_STYLE = Automatic;
				INFOPLIST_FILE = VirtueOSOUITests/Info.plist;
				LD_RUNPATH_SEARCH_PATHS = (
					"$(inherited)",
					"@executable_path/Frameworks",
					"@loader_path/Frameworks",
				);
				PRODUCT_BUNDLE_IDENTIFIER = com.VirtueOSOUITests;
				PRODUCT_NAME = "$(TARGET_NAME)";
				SWIFT_VERSION = 5.0;
				TARGETED_DEVICE_FAMILY = "1,2";
				TEST_TARGET_NAME = VirtueOSO;
			};
			name = Debug;
		};
		43BC871E24B98A72004CBB07 /* Release */ = {
			isa = XCBuildConfiguration;
			buildSettings = {
				ALWAYS_EMBED_SWIFT_STANDARD_LIBRARIES = YES;
				CODE_SIGN_STYLE = Automatic;
				INFOPLIST_FILE = VirtueOSOUITests/Info.plist;
				LD_RUNPATH_SEARCH_PATHS = (
					"$(inherited)",
					"@executable_path/Frameworks",
					"@loader_path/Frameworks",
				);
				PRODUCT_BUNDLE_IDENTIFIER = com.VirtueOSOUITests;
				PRODUCT_NAME = "$(TARGET_NAME)";
				SWIFT_VERSION = 5.0;
				TARGETED_DEVICE_FAMILY = "1,2";
				TEST_TARGET_NAME = VirtueOSO;
			};
			name = Release;
		};
/* End XCBuildConfiguration section */

/* Begin XCConfigurationList section */
		43BC86E424B98A70004CBB07 /* Build configuration list for PBXProject "VirtueOSO" */ = {
			isa = XCConfigurationList;
			buildConfigurations = (
				43BC871424B98A72004CBB07 /* Debug */,
				43BC871524B98A72004CBB07 /* Release */,
			);
			defaultConfigurationIsVisible = 0;
			defaultConfigurationName = Release;
		};
		43BC871624B98A72004CBB07 /* Build configuration list for PBXNativeTarget "VirtueOSO" */ = {
			isa = XCConfigurationList;
			buildConfigurations = (
				43BC871724B98A72004CBB07 /* Debug */,
				43BC871824B98A72004CBB07 /* Release */,
			);
			defaultConfigurationIsVisible = 0;
			defaultConfigurationName = Release;
		};
		43BC871924B98A72004CBB07 /* Build configuration list for PBXNativeTarget "VirtueOSOTests" */ = {
			isa = XCConfigurationList;
			buildConfigurations = (
				43BC871A24B98A72004CBB07 /* Debug */,
				43BC871B24B98A72004CBB07 /* Release */,
			);
			defaultConfigurationIsVisible = 0;
			defaultConfigurationName = Release;
		};
		43BC871C24B98A72004CBB07 /* Build configuration list for PBXNativeTarget "VirtueOSOUITests" */ = {
			isa = XCConfigurationList;
			buildConfigurations = (
				43BC871D24B98A72004CBB07 /* Debug */,
				43BC871E24B98A72004CBB07 /* Release */,
			);
			defaultConfigurationIsVisible = 0;
			defaultConfigurationName = Release;
		};
/* End XCConfigurationList section */

/* Begin XCVersionGroup section */
		43BC86F524B98A70004CBB07 /* VirtueOSO.xcdatamodeld */ = {
			isa = XCVersionGroup;
			children = (
				43BC86F624B98A70004CBB07 /* VirtueOSO.xcdatamodel */,
			);
			currentVersion = 43BC86F624B98A70004CBB07 /* VirtueOSO.xcdatamodel */;
			path = VirtueOSO.xcdatamodeld;
			sourceTree = "<group>";
			versionGroupType = wrapper.xcdatamodel;
		};
/* End XCVersionGroup section */
	};
	rootObject = 43BC86E124B98A70004CBB07 /* Project object */;
}
